<?xml version="1.0" encoding="utf-8"?>
<Project ToolsVersion="4.0" xmlns="http://schemas.microsoft.com/developer/msbuild/2003">
  <ItemGroup>
    <None Include="..\..\..\framework\shader\rt_09_first.rchit">
      <Filter>shaders</Filter>
    </None>
    <None Include="..\..\..\framework\shader\rt_09_first.rgen">
      <Filter>shaders</Filter>
    </None>
    <None Include="..\..\..\framework\shader\rt_09_first.rmiss">
      <Filter>shaders</Filter>
    </None>
    <None Include="..\..\..\framework\shader\rt_09_secondary.rchit">
      <Filter>shaders</Filter>
    </None>
    <None Include="..\..\..\framework\shader\rt_09_secondary.rmiss">
      <Filter>shaders</Filter>
    </None>
    <None Include="..\..\..\framework\shader\shader.frag">
      <Filter>shaders</Filter>
    </None>
    <None Include="..\..\..\framework\shader\shader.vert">
      <Filter>shaders</Filter>
    </None>
    <None Include="..\..\..\framework\assets\chalet\chalet.jpg">
      <Filter>assets</Filter>
    </None>
    <None Include="..\..\..\framework\assets\chalet\chalet.obj">
      <Filter>assets</Filter>
    </None>
    <None Include="..\..\..\framework\assets\sphere.obj">
      <Filter>assets</Filter>
    </None>
    <None Include="..\..\..\framework\assets\models\sponza\sponza_structure - Copy.obj">
      <Filter>assets\sponza_structure2.obj-passt-scho</Filter>
    </None>
    <None Include="..\..\..\framework\assets\models\sponza\sponza_structure.obj">
      <Filter>assets</Filter>
    </None>
  </ItemGroup>
  <ItemGroup>
    <Filter Include="assets">
      <UniqueIdentifier>{037890be-a82e-4ac2-a9c2-0c01b7a30a5e}</UniqueIdentifier>
    </Filter>
    <Filter Include="shaders">
      <UniqueIdentifier>{25557352-4e4c-4c14-80e9-41e01d5b5f1f}</UniqueIdentifier>
    </Filter>
    <Filter Include="assets\sponza_structure2.obj-passt-scho">
      <UniqueIdentifier>{f9816fd6-3998-4c35-86a5-f4c17a63942e}</UniqueIdentifier>
    </Filter>
  </ItemGroup>
  <ItemGroup>
    <ClCompile Include="..\..\..\examples\hello_rtx\source\hello_rtx.cpp" />
    <ClCompile Include="..\..\..\examples\hello_rtx\source\temp.cpp" />
  </ItemGroup>
  <ItemGroup>
    <ClInclude Include="..\..\..\examples\hello_rtx\source\temp.h" />
  </ItemGroup>
  <ItemGroup>
    <Object Include="C:\Users\Johi\Desktop\Sponza am Desktop\sponza_fabric.obj\sponza_structure2.obj">
      <Filter>assets</Filter>
    </Object>
  </ItemGroup>
</Project>