Microsoft Visual Studio Solution File, Format Version 12.00
# Visual Studio Version 16
VisualStudioVersion = 16.0.28531.58
MinimumVisualStudioVersion = 10.0.40219.1
Project("{8BC9CEB8-8B4A-11D0-8D11-00A0C91BC942}") = "cg_base", "cg_base\cg_base.vcxproj", "{602F842F-50C1-466D-8696-1707937D8AB9}"
EndProject
Project("{2150E333-8FDC-42A3-9474-1A3956D46DE8}") = "examples", "examples", "{42ECE233-FCB5-4525-BBC9-024CE075FC38}"
EndProject
Project("{8BC9CEB8-8B4A-11D0-8D11-00A0C91BC942}") = "hello_world", "examples\hello_world\hello_world.vcxproj", "{AAAC1485-846C-4F30-8824-125E8584D038}"
EndProject
Project("{2150E333-8FDC-42A3-9474-1A3956D46DE8}") = "tests", "tests", "{9739A4A1-6D55-4F8F-A7F2-9E92E1BF3070}"
EndProject
Project("{8BC9CEB8-8B4A-11D0-8D11-00A0C91BC942}") = "context_completeness", "tests\context_completeness\context_completeness.vcxproj", "{50BE62BA-8D0E-4A8A-88A4-27CD8ECFBA49}"
EndProject
Project("{2150E333-8FDC-42A3-9474-1A3956D46DE8}") = "hello_world", "hello_world", "{08A10CAA-9B1B-41DB-9EB5-8547AC3077EA}"
EndProject
Project("{8BC9CEB8-8B4A-11D0-8D11-00A0C91BC942}") = "hello_rtx", "examples\hello_rtx\hello_rtx.vcxproj", "{D0209D5C-18C2-4858-9174-313D252BDBC7}"
EndProject
Project("{2150E333-8FDC-42A3-9474-1A3956D46DE8}") = "hello_rtx", "hello_rtx", "{F1107676-C46E-4071-94D7-A9C800FD92C2}"
EndProject
Project("{8BC9CEB8-8B4A-11D0-8D11-00A0C91BC942}") = "hello_vrs", "examples\hello_vrs\hello_vrs.vcxproj", "{E177242B-2397-4AD3-8501-2B3426D95736}"
EndProject
Project("{2150E333-8FDC-42A3-9474-1A3956D46DE8}") = "hello_vrs", "hello_vrs", "{DA546586-102A-4F46-A1CA-A1061BD584BA}"
EndProject
Global
	GlobalSection(SolutionConfigurationPlatforms) = preSolution
		Debug_GL46|x64 = Debug_GL46|x64
		Debug_Vulkan|x64 = Debug_Vulkan|x64
		Publish_GL46|x64 = Publish_GL46|x64
		Publish_Vulkan|x64 = Publish_Vulkan|x64
		Release_GL46|x64 = Release_GL46|x64
		Release_Vulkan|x64 = Release_Vulkan|x64
	EndGlobalSection
	GlobalSection(ProjectConfigurationPlatforms) = postSolution
		{602F842F-50C1-466D-8696-1707937D8AB9}.Debug_GL46|x64.ActiveCfg = Debug_GL46|x64
		{602F842F-50C1-466D-8696-1707937D8AB9}.Debug_GL46|x64.Build.0 = Debug_GL46|x64
		{602F842F-50C1-466D-8696-1707937D8AB9}.Debug_Vulkan|x64.ActiveCfg = Debug_Vulkan|x64
		{602F842F-50C1-466D-8696-1707937D8AB9}.Debug_Vulkan|x64.Build.0 = Debug_Vulkan|x64
		{602F842F-50C1-466D-8696-1707937D8AB9}.Publish_GL46|x64.ActiveCfg = Publish_GL46|x64
		{602F842F-50C1-466D-8696-1707937D8AB9}.Publish_GL46|x64.Build.0 = Publish_GL46|x64
		{602F842F-50C1-466D-8696-1707937D8AB9}.Publish_Vulkan|x64.ActiveCfg = Publish_Vulkan|x64
		{602F842F-50C1-466D-8696-1707937D8AB9}.Publish_Vulkan|x64.Build.0 = Publish_Vulkan|x64
		{602F842F-50C1-466D-8696-1707937D8AB9}.Release_GL46|x64.ActiveCfg = Release_GL46|x64
		{602F842F-50C1-466D-8696-1707937D8AB9}.Release_GL46|x64.Build.0 = Release_GL46|x64
		{602F842F-50C1-466D-8696-1707937D8AB9}.Release_Vulkan|x64.ActiveCfg = Release_Vulkan|x64
		{602F842F-50C1-466D-8696-1707937D8AB9}.Release_Vulkan|x64.Build.0 = Release_Vulkan|x64
		{AAAC1485-846C-4F30-8824-125E8584D038}.Debug_GL46|x64.ActiveCfg = Debug_GL46|x64
		{AAAC1485-846C-4F30-8824-125E8584D038}.Debug_GL46|x64.Build.0 = Debug_GL46|x64
		{AAAC1485-846C-4F30-8824-125E8584D038}.Debug_Vulkan|x64.ActiveCfg = Debug_Vulkan|x64
		{AAAC1485-846C-4F30-8824-125E8584D038}.Debug_Vulkan|x64.Build.0 = Debug_Vulkan|x64
		{AAAC1485-846C-4F30-8824-125E8584D038}.Publish_GL46|x64.ActiveCfg = Publish_GL46|x64
		{AAAC1485-846C-4F30-8824-125E8584D038}.Publish_GL46|x64.Build.0 = Publish_GL46|x64
		{AAAC1485-846C-4F30-8824-125E8584D038}.Publish_Vulkan|x64.ActiveCfg = Publish_Vulkan|x64
		{AAAC1485-846C-4F30-8824-125E8584D038}.Publish_Vulkan|x64.Build.0 = Publish_Vulkan|x64
		{AAAC1485-846C-4F30-8824-125E8584D038}.Release_GL46|x64.ActiveCfg = Release_GL46|x64
		{AAAC1485-846C-4F30-8824-125E8584D038}.Release_GL46|x64.Build.0 = Release_GL46|x64
		{AAAC1485-846C-4F30-8824-125E8584D038}.Release_Vulkan|x64.ActiveCfg = Release_Vulkan|x64
		{AAAC1485-846C-4F30-8824-125E8584D038}.Release_Vulkan|x64.Build.0 = Release_Vulkan|x64
		{50BE62BA-8D0E-4A8A-88A4-27CD8ECFBA49}.Debug_GL46|x64.ActiveCfg = Debug_GL46|x64
		{50BE62BA-8D0E-4A8A-88A4-27CD8ECFBA49}.Debug_GL46|x64.Build.0 = Debug_GL46|x64
		{50BE62BA-8D0E-4A8A-88A4-27CD8ECFBA49}.Debug_Vulkan|x64.ActiveCfg = Debug_Vulkan|x64
		{50BE62BA-8D0E-4A8A-88A4-27CD8ECFBA49}.Debug_Vulkan|x64.Build.0 = Debug_Vulkan|x64
		{50BE62BA-8D0E-4A8A-88A4-27CD8ECFBA49}.Publish_GL46|x64.ActiveCfg = Publish_GL46|x64
		{50BE62BA-8D0E-4A8A-88A4-27CD8ECFBA49}.Publish_GL46|x64.Build.0 = Publish_GL46|x64
		{50BE62BA-8D0E-4A8A-88A4-27CD8ECFBA49}.Publish_Vulkan|x64.ActiveCfg = Publish_Vulkan|x64
		{50BE62BA-8D0E-4A8A-88A4-27CD8ECFBA49}.Publish_Vulkan|x64.Build.0 = Publish_Vulkan|x64
		{50BE62BA-8D0E-4A8A-88A4-27CD8ECFBA49}.Release_GL46|x64.ActiveCfg = Release_GL46|x64
		{50BE62BA-8D0E-4A8A-88A4-27CD8ECFBA49}.Release_GL46|x64.Build.0 = Release_GL46|x64
		{50BE62BA-8D0E-4A8A-88A4-27CD8ECFBA49}.Release_Vulkan|x64.ActiveCfg = Release_Vulkan|x64
		{50BE62BA-8D0E-4A8A-88A4-27CD8ECFBA49}.Release_Vulkan|x64.Build.0 = Release_Vulkan|x64
		{D0209D5C-18C2-4858-9174-313D252BDBC7}.Debug_GL46|x64.ActiveCfg = Debug_GL46|x64
		{D0209D5C-18C2-4858-9174-313D252BDBC7}.Debug_GL46|x64.Build.0 = Debug_GL46|x64
		{D0209D5C-18C2-4858-9174-313D252BDBC7}.Debug_Vulkan|x64.ActiveCfg = Debug_Vulkan|x64
		{D0209D5C-18C2-4858-9174-313D252BDBC7}.Debug_Vulkan|x64.Build.0 = Debug_Vulkan|x64
		{D0209D5C-18C2-4858-9174-313D252BDBC7}.Publish_GL46|x64.ActiveCfg = Publish_GL46|x64
		{D0209D5C-18C2-4858-9174-313D252BDBC7}.Publish_GL46|x64.Build.0 = Publish_GL46|x64
		{D0209D5C-18C2-4858-9174-313D252BDBC7}.Publish_Vulkan|x64.ActiveCfg = Publish_Vulkan|x64
		{D0209D5C-18C2-4858-9174-313D252BDBC7}.Publish_Vulkan|x64.Build.0 = Publish_Vulkan|x64
		{D0209D5C-18C2-4858-9174-313D252BDBC7}.Release_GL46|x64.ActiveCfg = Release_GL46|x64
		{D0209D5C-18C2-4858-9174-313D252BDBC7}.Release_GL46|x64.Build.0 = Release_GL46|x64
		{D0209D5C-18C2-4858-9174-313D252BDBC7}.Release_Vulkan|x64.ActiveCfg = Release_Vulkan|x64
		{D0209D5C-18C2-4858-9174-313D252BDBC7}.Release_Vulkan|x64.Build.0 = Release_Vulkan|x64
		{E177242B-2397-4AD3-8501-2B3426D95736}.Debug_GL46|x64.ActiveCfg = Debug_GL46|x64
		{E177242B-2397-4AD3-8501-2B3426D95736}.Debug_GL46|x64.Build.0 = Debug_GL46|x64
		{E177242B-2397-4AD3-8501-2B3426D95736}.Debug_Vulkan|x64.ActiveCfg = Debug_Vulkan|x64
		{E177242B-2397-4AD3-8501-2B3426D95736}.Debug_Vulkan|x64.Build.0 = Debug_Vulkan|x64
		{E177242B-2397-4AD3-8501-2B3426D95736}.Publish_GL46|x64.ActiveCfg = Publish_GL46|x64
		{E177242B-2397-4AD3-8501-2B3426D95736}.Publish_GL46|x64.Build.0 = Publish_GL46|x64
		{E177242B-2397-4AD3-8501-2B3426D95736}.Publish_Vulkan|x64.ActiveCfg = Publish_Vulkan|x64
		{E177242B-2397-4AD3-8501-2B3426D95736}.Publish_Vulkan|x64.Build.0 = Publish_Vulkan|x64
		{E177242B-2397-4AD3-8501-2B3426D95736}.Release_GL46|x64.ActiveCfg = Release_GL46|x64
		{E177242B-2397-4AD3-8501-2B3426D95736}.Release_GL46|x64.Build.0 = Release_GL46|x64
		{E177242B-2397-4AD3-8501-2B3426D95736}.Release_Vulkan|x64.ActiveCfg = Release_Vulkan|x64
		{E177242B-2397-4AD3-8501-2B3426D95736}.Release_Vulkan|x64.Build.0 = Release_Vulkan|x64
	EndGlobalSection
	GlobalSection(SolutionProperties) = preSolution
		HideSolutionNode = FALSE
	EndGlobalSection
	GlobalSection(NestedProjects) = preSolution
		{AAAC1485-846C-4F30-8824-125E8584D038} = {08A10CAA-9B1B-41DB-9EB5-8547AC3077EA}
		{50BE62BA-8D0E-4A8A-88A4-27CD8ECFBA49} = {9739A4A1-6D55-4F8F-A7F2-9E92E1BF3070}
		{08A10CAA-9B1B-41DB-9EB5-8547AC3077EA} = {42ECE233-FCB5-4525-BBC9-024CE075FC38}
		{D0209D5C-18C2-4858-9174-313D252BDBC7} = {F1107676-C46E-4071-94D7-A9C800FD92C2}
		{F1107676-C46E-4071-94D7-A9C800FD92C2} = {42ECE233-FCB5-4525-BBC9-024CE075FC38}
		{E177242B-2397-4AD3-8501-2B3426D95736} = {DA546586-102A-4F46-A1CA-A1061BD584BA}
		{DA546586-102A-4F46-A1CA-A1061BD584BA} = {42ECE233-FCB5-4525-BBC9-024CE075FC38}
	EndGlobalSection
	GlobalSection(ExtensibilityGlobals) = postSolution
		SolutionGuid = {A8961D43-F08D-46E3-B3BB-29BA8AA39C3E}
	EndGlobalSection
EndGlobal
