Microsoft Visual Studio Solution File, Format Version 12.00
# Visual Studio Version 16
VisualStudioVersion = 16.0.28531.58
MinimumVisualStudioVersion = 10.0.40219.1
Project("{8BC9CEB8-8B4A-11D0-8D11-00A0C91BC942}") = "cg_base", "cg_base\cg_base.vcxproj", "{602F842F-50C1-466D-8696-1707937D8AB9}"
EndProject
Project("{2150E333-8FDC-42A3-9474-1A3956D46DE8}") = "examples", "examples", "{42ECE233-FCB5-4525-BBC9-024CE075FC38}"
EndProject
Project("{8BC9CEB8-8B4A-11D0-8D11-00A0C91BC942}") = "hello_world", "examples\hello_world\hello_world.vcxproj", "{AAAC1485-846C-4F30-8824-125E8584D038}"
EndProject
Project("{2150E333-8FDC-42A3-9474-1A3956D46DE8}") = "tests", "tests", "{9739A4A1-6D55-4F8F-A7F2-9E92E1BF3070}"
EndProject
Project("{8BC9CEB8-8B4A-11D0-8D11-00A0C91BC942}") = "context_completeness", "tests\context_completeness\context_completeness.vcxproj", "{50BE62BA-8D0E-4A8A-88A4-27CD8ECFBA49}"
EndProject
Project("{2150E333-8FDC-42A3-9474-1A3956D46DE8}") = "hello_world", "hello_world", "{08A10CAA-9B1B-41DB-9EB5-8547AC3077EA}"
EndProject
Project("{2150E333-8FDC-42A3-9474-1A3956D46DE8}") = "hello_ui", "hello_ui", "{0257968D-C7A2-410D-874A-3739A9C2055D}"
EndProject
Project("{8BC9CEB8-8B4A-11D0-8D11-00A0C91BC942}") = "hello_ui.shared", "examples\hello_ui\hello_ui.shared\hello_ui.shared.vcxitems", "{C005ECE1-D657-437B-8D07-4EE158A17FD7}"
EndProject
Project("{8BC9CEB8-8B4A-11D0-8D11-00A0C91BC942}") = "hello_ui.windows", "examples\hello_ui\hello_ui.windows\hello_ui.windows.vcxproj", "{B687FDC8-08B3-4FDF-A81E-F8912058D1C7}"
EndProject
Project("{8BC9CEB8-8B4A-11D0-8D11-00A0C91BC942}") = "hello_vrs", "examples\hello_vrs\hello_vrs.vcxproj", "{E3A2864B-E1DE-4B21-A214-C735D8BF4E74}"
EndProject
Project("{2150E333-8FDC-42A3-9474-1A3956D46DE8}") = "hello_vrs", "hello_vrs", "{604C8217-4E20-46BD-9E0B-E93ED2FFABCF}"
EndProject
Global
	GlobalSection(SharedMSBuildProjectFiles) = preSolution
		examples\hello_ui\hello_ui.shared\hello_ui.shared.vcxitems*{b687fdc8-08b3-4fdf-a81e-f8912058d1c7}*SharedItemsImports = 4
		examples\hello_ui\hello_ui.shared\hello_ui.shared.vcxitems*{c005ece1-d657-437b-8d07-4ee158a17fd7}*SharedItemsImports = 9
	EndGlobalSection
	GlobalSection(SolutionConfigurationPlatforms) = preSolution
		Debug_GL46|x64 = Debug_GL46|x64
		Debug_Vulkan|x64 = Debug_Vulkan|x64
		Release_GL46|x64 = Release_GL46|x64
		Release_Vulkan|x64 = Release_Vulkan|x64
	EndGlobalSection
	GlobalSection(ProjectConfigurationPlatforms) = postSolution
		{602F842F-50C1-466D-8696-1707937D8AB9}.Debug_GL46|x64.ActiveCfg = Debug_GL46|x64
		{602F842F-50C1-466D-8696-1707937D8AB9}.Debug_GL46|x64.Build.0 = Debug_GL46|x64
		{602F842F-50C1-466D-8696-1707937D8AB9}.Debug_Vulkan|x64.ActiveCfg = Debug_Vulkan|x64
		{602F842F-50C1-466D-8696-1707937D8AB9}.Debug_Vulkan|x64.Build.0 = Debug_Vulkan|x64
		{602F842F-50C1-466D-8696-1707937D8AB9}.Release_GL46|x64.ActiveCfg = Release_GL46|x64
		{602F842F-50C1-466D-8696-1707937D8AB9}.Release_GL46|x64.Build.0 = Release_GL46|x64
		{602F842F-50C1-466D-8696-1707937D8AB9}.Release_Vulkan|x64.ActiveCfg = Release_Vulkan|x64
		{602F842F-50C1-466D-8696-1707937D8AB9}.Release_Vulkan|x64.Build.0 = Release_Vulkan|x64
		{AAAC1485-846C-4F30-8824-125E8584D038}.Debug_GL46|x64.ActiveCfg = Debug_GL46|x64
		{AAAC1485-846C-4F30-8824-125E8584D038}.Debug_GL46|x64.Build.0 = Debug_GL46|x64
		{AAAC1485-846C-4F30-8824-125E8584D038}.Debug_Vulkan|x64.ActiveCfg = Debug_Vulkan|x64
		{AAAC1485-846C-4F30-8824-125E8584D038}.Debug_Vulkan|x64.Build.0 = Debug_Vulkan|x64
		{AAAC1485-846C-4F30-8824-125E8584D038}.Release_GL46|x64.ActiveCfg = Release_GL46|x64
		{AAAC1485-846C-4F30-8824-125E8584D038}.Release_GL46|x64.Build.0 = Release_GL46|x64
		{AAAC1485-846C-4F30-8824-125E8584D038}.Release_Vulkan|x64.ActiveCfg = Release_Vulkan|x64
		{AAAC1485-846C-4F30-8824-125E8584D038}.Release_Vulkan|x64.Build.0 = Release_Vulkan|x64
		{50BE62BA-8D0E-4A8A-88A4-27CD8ECFBA49}.Debug_GL46|x64.ActiveCfg = Debug_GL46|x64
		{50BE62BA-8D0E-4A8A-88A4-27CD8ECFBA49}.Debug_GL46|x64.Build.0 = Debug_GL46|x64
		{50BE62BA-8D0E-4A8A-88A4-27CD8ECFBA49}.Debug_Vulkan|x64.ActiveCfg = Debug_Vulkan|x64
		{50BE62BA-8D0E-4A8A-88A4-27CD8ECFBA49}.Debug_Vulkan|x64.Build.0 = Debug_Vulkan|x64
		{50BE62BA-8D0E-4A8A-88A4-27CD8ECFBA49}.Release_GL46|x64.ActiveCfg = Release_GL46|x64
		{50BE62BA-8D0E-4A8A-88A4-27CD8ECFBA49}.Release_GL46|x64.Build.0 = Release_GL46|x64
		{50BE62BA-8D0E-4A8A-88A4-27CD8ECFBA49}.Release_Vulkan|x64.ActiveCfg = Release_Vulkan|x64
		{50BE62BA-8D0E-4A8A-88A4-27CD8ECFBA49}.Release_Vulkan|x64.Build.0 = Release_Vulkan|x64
		{B687FDC8-08B3-4FDF-A81E-F8912058D1C7}.Debug_GL46|x64.ActiveCfg = Debug_GL46|x64
		{B687FDC8-08B3-4FDF-A81E-F8912058D1C7}.Debug_GL46|x64.Build.0 = Debug_GL46|x64
		{B687FDC8-08B3-4FDF-A81E-F8912058D1C7}.Debug_Vulkan|x64.ActiveCfg = Debug_Vulkan|x64
		{B687FDC8-08B3-4FDF-A81E-F8912058D1C7}.Debug_Vulkan|x64.Build.0 = Debug_Vulkan|x64
		{B687FDC8-08B3-4FDF-A81E-F8912058D1C7}.Release_GL46|x64.ActiveCfg = Release_GL46|x64
		{B687FDC8-08B3-4FDF-A81E-F8912058D1C7}.Release_GL46|x64.Build.0 = Release_GL46|x64
		{B687FDC8-08B3-4FDF-A81E-F8912058D1C7}.Release_Vulkan|x64.ActiveCfg = Release_Vulkan|x64
		{B687FDC8-08B3-4FDF-A81E-F8912058D1C7}.Release_Vulkan|x64.Build.0 = Release_Vulkan|x64
		{E3A2864B-E1DE-4B21-A214-C735D8BF4E74}.Debug_GL46|x64.ActiveCfg = Debug_GL46|x64
		{E3A2864B-E1DE-4B21-A214-C735D8BF4E74}.Debug_GL46|x64.Build.0 = Debug_GL46|x64
		{E3A2864B-E1DE-4B21-A214-C735D8BF4E74}.Debug_Vulkan|x64.ActiveCfg = Debug_Vulkan|x64
		{E3A2864B-E1DE-4B21-A214-C735D8BF4E74}.Debug_Vulkan|x64.Build.0 = Debug_Vulkan|x64
		{E3A2864B-E1DE-4B21-A214-C735D8BF4E74}.Release_GL46|x64.ActiveCfg = Release_GL46|x64
		{E3A2864B-E1DE-4B21-A214-C735D8BF4E74}.Release_GL46|x64.Build.0 = Release_GL46|x64
		{E3A2864B-E1DE-4B21-A214-C735D8BF4E74}.Release_Vulkan|x64.ActiveCfg = Release_Vulkan|x64
		{E3A2864B-E1DE-4B21-A214-C735D8BF4E74}.Release_Vulkan|x64.Build.0 = Release_Vulkan|x64
	EndGlobalSection
	GlobalSection(SolutionProperties) = preSolution
		HideSolutionNode = FALSE
	EndGlobalSection
	GlobalSection(NestedProjects) = preSolution
		{AAAC1485-846C-4F30-8824-125E8584D038} = {08A10CAA-9B1B-41DB-9EB5-8547AC3077EA}
		{50BE62BA-8D0E-4A8A-88A4-27CD8ECFBA49} = {9739A4A1-6D55-4F8F-A7F2-9E92E1BF3070}
		{08A10CAA-9B1B-41DB-9EB5-8547AC3077EA} = {42ECE233-FCB5-4525-BBC9-024CE075FC38}
		{0257968D-C7A2-410D-874A-3739A9C2055D} = {42ECE233-FCB5-4525-BBC9-024CE075FC38}
		{C005ECE1-D657-437B-8D07-4EE158A17FD7} = {0257968D-C7A2-410D-874A-3739A9C2055D}
		{B687FDC8-08B3-4FDF-A81E-F8912058D1C7} = {0257968D-C7A2-410D-874A-3739A9C2055D}
		{E3A2864B-E1DE-4B21-A214-C735D8BF4E74} = {604C8217-4E20-46BD-9E0B-E93ED2FFABCF}
		{604C8217-4E20-46BD-9E0B-E93ED2FFABCF} = {42ECE233-FCB5-4525-BBC9-024CE075FC38}
	EndGlobalSection
	GlobalSection(ExtensibilityGlobals) = postSolution
		SolutionGuid = {A8961D43-F08D-46E3-B3BB-29BA8AA39C3E}
	EndGlobalSection
EndGlobal
