<?xml version="1.0" encoding="utf-8"?>
<Project ToolsVersion="4.0" xmlns="http://schemas.microsoft.com/developer/msbuild/2003">
  <ItemGroup>
    <Filter Include="Source Files">
      <UniqueIdentifier>{4FC737F1-C7A5-4376-A066-2A32D752A2FF}</UniqueIdentifier>
      <Extensions>cpp;c;cc;cxx;def;odl;idl;hpj;bat;asm;asmx</Extensions>
    </Filter>
    <Filter Include="Header Files">
      <UniqueIdentifier>{93995380-89BD-4b04-88EB-625FBE52EBFB}</UniqueIdentifier>
      <Extensions>h;hh;hpp;hxx;hm;inl;inc;ipp;xsd</Extensions>
    </Filter>
    <Filter Include="Resource Files">
      <UniqueIdentifier>{67DA6AB6-F800-4c08-8B7A-83BB121AAD01}</UniqueIdentifier>
      <Extensions>rc;ico;cur;bmp;dlg;rc2;rct;bin;rgs;gif;jpg;jpeg;jpe;resx;tiff;tif;png;wav;mfcribbon-ms</Extensions>
    </Filter>
    <Filter Include="Header Files\context">
      <UniqueIdentifier>{f0c79542-5f6e-4859-854b-71611601938c}</UniqueIdentifier>
    </Filter>
    <Filter Include="Header Files\general">
      <UniqueIdentifier>{853ad1bf-50bd-4042-bddd-68dc1dea2fae}</UniqueIdentifier>
    </Filter>
    <Filter Include="Source Files\general">
      <UniqueIdentifier>{5eb63372-739c-4b17-aaa6-526dc30d087d}</UniqueIdentifier>
    </Filter>
    <Filter Include="Header Files\environment">
      <UniqueIdentifier>{af7b6903-3ecd-4acd-8227-a748819d3f17}</UniqueIdentifier>
    </Filter>
    <Filter Include="Source Files\environment">
      <UniqueIdentifier>{8f6e7d03-b98f-4511-8cad-44a3e4c05223}</UniqueIdentifier>
    </Filter>
    <Filter Include="Source Files\context">
      <UniqueIdentifier>{90200153-8d9e-4d0c-b35e-9a237fb8b337}</UniqueIdentifier>
    </Filter>
    <Filter Include="Header Files\utils">
      <UniqueIdentifier>{93455eec-6709-47b6-8de9-580220956c34}</UniqueIdentifier>
    </Filter>
    <Filter Include="Source Files\utils">
      <UniqueIdentifier>{10528c89-61e4-479d-95fe-f8d8f21b8f91}</UniqueIdentifier>
    </Filter>
    <Filter Include="Source Files\external">
      <UniqueIdentifier>{42a47aa0-468a-4070-ac91-d5fa3be1ece9}</UniqueIdentifier>
    </Filter>
    <Filter Include="Source Files\external\FileWatcher">
      <UniqueIdentifier>{f85c6a5f-a3f5-43e2-9552-3c6dc245fe61}</UniqueIdentifier>
    </Filter>
    <Filter Include="Header Files\timer">
      <UniqueIdentifier>{952ae1dc-c3a3-4d72-b922-f5ef229d3c08}</UniqueIdentifier>
    </Filter>
  </ItemGroup>
  <ItemGroup>
    <ClInclude Include="..\framework\include\context.h">
      <Filter>Header Files\context</Filter>
    </ClInclude>
    <ClInclude Include="..\framework\include\context_generic_opengl.h">
      <Filter>Header Files\context</Filter>
    </ClInclude>
    <ClInclude Include="..\framework\include\context_opengl46.h">
      <Filter>Header Files\context</Filter>
    </ClInclude>
    <ClInclude Include="..\framework\include\context_opengles32.h">
      <Filter>Header Files\context</Filter>
    </ClInclude>
    <ClInclude Include="..\framework\include\context_vulkan.h">
      <Filter>Header Files\context</Filter>
    </ClInclude>
    <ClInclude Include="..\framework\include\cg_base.h">
      <Filter>Header Files\general</Filter>
    </ClInclude>
    <ClInclude Include="..\framework\include\precompile.h">
      <Filter>Header Files\general</Filter>
    </ClInclude>
    <ClInclude Include="..\framework\include\targetver.h">
      <Filter>Header Files\general</Filter>
    </ClInclude>
    <ClInclude Include="..\framework\include\context_generic_glfw.h">
      <Filter>Header Files\context</Filter>
    </ClInclude>
    <ClInclude Include="..\framework\include\window.h">
      <Filter>Header Files\environment</Filter>
    </ClInclude>
    <ClInclude Include="..\framework\include\log.h">
      <Filter>Header Files\utils</Filter>
    </ClInclude>
    <ClInclude Include="..\framework\include\cg_object.h">
      <Filter>Header Files\general</Filter>
    </ClInclude>
    <ClInclude Include="..\framework\include\fixed_update_timer.h">
      <Filter>Header Files\timer</Filter>
    </ClInclude>
    <ClInclude Include="..\framework\include\timer_frame_type.h">
      <Filter>Header Files\general</Filter>
    </ClInclude>
    <ClInclude Include="..\framework\include\composition.h">
      <Filter>Header Files\general</Filter>
    </ClInclude>
    <ClInclude Include="..\framework\include\composition_impl.h">
      <Filter>Header Files\general</Filter>
    </ClInclude>
    <ClInclude Include="..\framework\include\timer.h">
      <Filter>Header Files\general</Filter>
    </ClInclude>
  </ItemGroup>
  <ItemGroup>
    <ClCompile Include="..\framework\src\precompile.cpp">
      <Filter>Source Files\general</Filter>
    </ClCompile>
    <ClCompile Include="..\framework\src\window.cpp">
      <Filter>Source Files\environment</Filter>
    </ClCompile>
    <ClCompile Include="..\framework\src\context_generic_glfw.cpp">
      <Filter>Source Files\context</Filter>
    </ClCompile>
    <ClCompile Include="..\framework\src\context_opengl46.cpp">
      <Filter>Source Files\context</Filter>
    </ClCompile>
    <ClCompile Include="..\framework\src\log.cpp">
      <Filter>Source Files\utils</Filter>
    </ClCompile>
    <ClCompile Include="..\framework\src\context_generic_opengl.cpp">
      <Filter>Source Files\context</Filter>
    </ClCompile>
    <ClCompile Include="..\external\src\glad.cpp">
      <Filter>Source Files\external</Filter>
    </ClCompile>
    <ClCompile Include="..\external\src\imgui.cpp">
      <Filter>Source Files\external</Filter>
    </ClCompile>
    <ClCompile Include="..\external\src\imgui_demo.cpp">
      <Filter>Source Files\external</Filter>
    </ClCompile>
    <ClCompile Include="..\external\src\imgui_draw.cpp">
      <Filter>Source Files\external</Filter>
    </ClCompile>
    <ClCompile Include="..\external\src\FileWatcher\FileWatcher.cpp">
      <Filter>Source Files\external\FileWatcher</Filter>
    </ClCompile>
    <ClCompile Include="..\external\src\FileWatcher\FileWatcherLinux.cpp">
      <Filter>Source Files\external\FileWatcher</Filter>
    </ClCompile>
    <ClCompile Include="..\external\src\FileWatcher\FileWatcherOSX.cpp">
      <Filter>Source Files\external\FileWatcher</Filter>
    </ClCompile>
    <ClCompile Include="..\external\src\FileWatcher\FileWatcherWin32.cpp">
      <Filter>Source Files\external\FileWatcher</Filter>
    </ClCompile>
  </ItemGroup>
</Project>