<?xml version="1.0" encoding="utf-8"?>
<Project ToolsVersion="4.0" xmlns="http://schemas.microsoft.com/developer/msbuild/2003">
  <ItemGroup>
    <ClCompile Include="..\..\..\examples\hello_world\source\temp.cpp" />
    <ClCompile Include="..\..\..\examples\hello_world\source\hello_world.cpp" />
  </ItemGroup>
  <ItemGroup>
    <ClInclude Include="..\..\..\examples\hello_world\source\temp.h" />
  </ItemGroup>
  <ItemGroup>
    <Filter Include="assets">
      <UniqueIdentifier>{24240a51-8fdb-478f-8c1c-27cbca7adc3f}</UniqueIdentifier>
      <SourceControlFiles>False</SourceControlFiles>
    </Filter>
    <Filter Include="shaders">
      <UniqueIdentifier>{1d345cf5-0451-42e0-83a8-6a3f5a7203ca}</UniqueIdentifier>
    </Filter>
    <Filter Include="dlls">
      <UniqueIdentifier>{949d850f-63ce-428b-b60c-d0de549feb1b}</UniqueIdentifier>
    </Filter>
    <Filter Include="dlls\debug_dlls">
      <UniqueIdentifier>{afdaacbc-fcd5-4989-b677-e76db911827f}</UniqueIdentifier>
    </Filter>
    <Filter Include="dlls\release_dlls">
      <UniqueIdentifier>{b1221175-76a0-42d8-afd4-6b7af5f027df}</UniqueIdentifier>
    </Filter>
  </ItemGroup>
  <ItemGroup>
    <CopyFileToFolders Include="..\..\..\external\bin\x64\release\assimp-vc140-mt.dll">
      <Filter>dlls\release_dlls</Filter>
    </CopyFileToFolders>
    <CopyFileToFolders Include="..\..\..\external\bin\x64\debug\assimp-vc140-mt.dll">
      <Filter>dlls\debug_dlls</Filter>
    </CopyFileToFolders>
  </ItemGroup>
  <ItemGroup>
    <None Include="..\..\..\framework\shader\shader.vert">
      <Filter>shaders</Filter>
    </None>
    <None Include="..\..\..\framework\shader\rt_09_first.rchit">
      <Filter>shaders</Filter>
    </None>
    <None Include="..\..\..\framework\shader\rt_09_first.rgen">
      <Filter>shaders</Filter>
    </None>
    <None Include="..\..\..\framework\shader\rt_09_first.rmiss">
      <Filter>shaders</Filter>
    </None>
    <None Include="..\..\..\framework\shader\rt_09_secondary.rchit">
      <Filter>shaders</Filter>
    </None>
    <None Include="..\..\..\framework\shader\rt_09_secondary.rmiss">
      <Filter>shaders</Filter>
    </None>
    <None Include="..\..\..\framework\shader\shader.frag">
      <Filter>shaders</Filter>
    </None>
  </ItemGroup>
  <ItemGroup>
    <Object Include="..\..\..\framework\assets\chalet\chalet.obj">
      <Filter>assets</Filter>
    </Object>
    <Object Include="..\..\..\framework\assets\sphere.obj">
      <Filter>assets</Filter>
    </Object>
  </ItemGroup>
  <ItemGroup>
    <Image Include="..\..\..\framework\assets\chalet\chalet.jpg">
      <Filter>assets</Filter>
    </Image>
  </ItemGroup>
</Project>