
Microsoft Visual Studio Solution File, Format Version 12.00
# Visual Studio 15
VisualStudioVersion = 15.0.27703.2047
MinimumVisualStudioVersion = 10.0.40219.1
Project("{FAE04EC0-301F-11D3-BF4B-00C04F79EFBC}") = "post_build_copy_helper", "post_build_copy_helper\post_build_copy_helper.csproj", "{72651B18-C490-44BB-8703-31CC7F163D05}"
EndProject
Global
	GlobalSection(SolutionConfigurationPlatforms) = preSolution
		Debug|Any CPU = Debug|Any CPU
		Release|Any CPU = Release|Any CPU
	EndGlobalSection
	GlobalSection(ProjectConfigurationPlatforms) = postSolution
		{72651B18-C490-44BB-8703-31CC7F163D05}.Debug|Any CPU.ActiveCfg = Debug|Any CPU
		{72651B18-C490-44BB-8703-31CC7F163D05}.Debug|Any CPU.Build.0 = Debug|Any CPU
		{72651B18-C490-44BB-8703-31CC7F163D05}.Release|Any CPU.ActiveCfg = Release|Any CPU
		{72651B18-C490-44BB-8703-31CC7F163D05}.Release|Any CPU.Build.0 = Release|Any CPU
	EndGlobalSection
	GlobalSection(SolutionProperties) = preSolution
		HideSolutionNode = FALSE
	EndGlobalSection
	GlobalSection(ExtensibilityGlobals) = postSolution
		SolutionGuid = {9D4B4120-E48D-433B-82C0-5FA06610FAF1}
	EndGlobalSection
EndGlobal
