<?xml version="1.0" encoding="utf-8"?>
<Project ToolsVersion="4.0" xmlns="http://schemas.microsoft.com/developer/msbuild/2003">
  <ItemGroup>
    <Filter Include="Quelldateien">
      <UniqueIdentifier>{4FC737F1-C7A5-4376-A066-2A32D752A2FF}</UniqueIdentifier>
      <Extensions>cpp;c;cc;cxx;def;odl;idl;hpj;bat;asm;asmx</Extensions>
    </Filter>
    <Filter Include="Headerdateien">
      <UniqueIdentifier>{93995380-89BD-4b04-88EB-625FBE52EBFB}</UniqueIdentifier>
      <Extensions>h;hh;hpp;hxx;hm;inl;inc;ipp;xsd</Extensions>
    </Filter>
    <Filter Include="Ressourcendateien">
      <UniqueIdentifier>{67DA6AB6-F800-4c08-8B7A-83BB121AAD01}</UniqueIdentifier>
      <Extensions>rc;ico;cur;bmp;dlg;rc2;rct;bin;rgs;gif;jpg;jpeg;jpe;resx;tiff;tif;png;wav;mfcribbon-ms</Extensions>
    </Filter>
    <Filter Include="Shader">
      <UniqueIdentifier>{72a691b8-3149-474a-9a8b-df7948517a1c}</UniqueIdentifier>
    </Filter>
    <Filter Include="Tobii">
      <UniqueIdentifier>{f81fc684-e1bf-4a91-b4bc-9868b4e7938c}</UniqueIdentifier>
    </Filter>
  </ItemGroup>
  <ItemGroup>
    <ClCompile Include="vkRenderObject.cpp">
      <Filter>Quelldateien</Filter>
    </ClCompile>
    <ClCompile Include="vkTexture.cpp">
      <Filter>Quelldateien</Filter>
    </ClCompile>
    <ClCompile Include="vkDrawer.cpp">
      <Filter>Quelldateien</Filter>
    </ClCompile>
    <ClCompile Include="vkPresenter.cpp">
      <Filter>Quelldateien</Filter>
    </ClCompile>
    <ClCompile Include="vkImagePresenter.cpp">
      <Filter>Quelldateien</Filter>
    </ClCompile>
    <ClCompile Include="vkRenderer.cpp">
      <Filter>Quelldateien</Filter>
    </ClCompile>
    <ClCompile Include="main2.cpp">
      <Filter>Quelldateien</Filter>
    </ClCompile>
    <ClCompile Include="main.cpp">
      <Filter>Quelldateien</Filter>
    </ClCompile>
    <ClCompile Include="vkContext.cpp">
      <Filter>Quelldateien</Filter>
    </ClCompile>
    <ClCompile Include="vkCgbBuffer.cpp">
      <Filter>Quelldateien</Filter>
    </ClCompile>
    <ClCompile Include="vkMemoryManager.cpp">
      <Filter>Quelldateien</Filter>
    </ClCompile>
    <ClCompile Include="vkCgbMemory.cpp">
      <Filter>Quelldateien</Filter>
    </ClCompile>
    <ClCompile Include="vkCommandBufferManager.cpp">
      <Filter>Quelldateien</Filter>
    </ClCompile>
    <ClCompile Include="vkCgbCommandBuffer.cpp">
      <Filter>Quelldateien</Filter>
    </ClCompile>
    <ClCompile Include="vkCgbImage.cpp">
      <Filter>Quelldateien</Filter>
    </ClCompile>
    <ClCompile Include="vulkan_render_queue.cpp">
      <Filter>Quelldateien</Filter>
    </ClCompile>
    <ClCompile Include="vulkan_pipeline.cpp">
      <Filter>Quelldateien</Filter>
    </ClCompile>
    <ClCompile Include="vulkan_framebuffer.cpp">
      <Filter>Quelldateien</Filter>
    </ClCompile>
    <ClCompile Include="eyetracking_interface.cpp">
      <Filter>Quelldateien</Filter>
    </ClCompile>
    <ClCompile Include="vrs_image_compute_drawer.cpp">
      <Filter>Quelldateien</Filter>
    </ClCompile>
  </ItemGroup>
  <ItemGroup>
    <None Include="Shader\triangle.vert">
      <Filter>Shader</Filter>
    </None>
    <None Include="packages.config" />
    <None Include="Tobii\SDK-License_zh.pdf">
      <Filter>Tobii</Filter>
    </None>
    <None Include="Tobii\SDK-License_en.pdf">
      <Filter>Tobii</Filter>
    </None>
    <None Include="Tobii\API-Reference.pdf">
      <Filter>Tobii</Filter>
    </None>
    <None Include="@(NativeLibs)" />
    <None Include="@(NativeLibs)" />
    <None Include="@(NativeLibs)" />
    <None Include="Shader\triangle.frag">
      <Filter>Shader</Filter>
    </None>
    <None Include="Shader\vrs_img.comp">
      <Filter>Shader</Filter>
    </None>
    <None Include="@(NativeLibs)" />
    <None Include="@(NativeLibs)" />
    <None Include="@(NativeLibs)" />
  </ItemGroup>
  <ItemGroup>
    <ClInclude Include="vkRenderObject.h">
      <Filter>Headerdateien</Filter>
    </ClInclude>
    <ClInclude Include="vkTexture.h">
      <Filter>Headerdateien</Filter>
    </ClInclude>
    <ClInclude Include="vkDrawer.h">
      <Filter>Headerdateien</Filter>
    </ClInclude>
    <ClInclude Include="vkPresenter.h">
      <Filter>Headerdateien</Filter>
    </ClInclude>
    <ClInclude Include="vkImagePresenter.h">
      <Filter>Headerdateien</Filter>
    </ClInclude>
    <ClInclude Include="vkRenderer.h">
      <Filter>Headerdateien</Filter>
    </ClInclude>
    <ClInclude Include="vkContext.h">
      <Filter>Headerdateien</Filter>
    </ClInclude>
    <ClInclude Include="vkCgbBuffer.h">
      <Filter>Headerdateien</Filter>
    </ClInclude>
    <ClInclude Include="vkMemoryManager.h">
      <Filter>Headerdateien</Filter>
    </ClInclude>
    <ClInclude Include="vkCgbMemory.h">
      <Filter>Headerdateien</Filter>
    </ClInclude>
    <ClInclude Include="vkCommandBufferManager.h">
      <Filter>Headerdateien</Filter>
    </ClInclude>
    <ClInclude Include="vkCgbCommandBuffer.h">
      <Filter>Headerdateien</Filter>
    </ClInclude>
    <ClInclude Include="vkCgbImage.h">
      <Filter>Headerdateien</Filter>
    </ClInclude>
    <ClInclude Include="vulkan_render_queue.h">
      <Filter>Headerdateien</Filter>
    </ClInclude>
    <ClInclude Include="vulkan_pipeline.h">
      <Filter>Headerdateien</Filter>
    </ClInclude>
    <ClInclude Include="vulkan_framebuffer.h">
      <Filter>Headerdateien</Filter>
    </ClInclude>
    <ClInclude Include="resource.h">
      <Filter>Headerdateien</Filter>
    </ClInclude>
    <ClInclude Include="eyetracking_interface.h">
      <Filter>Headerdateien</Filter>
    </ClInclude>
    <ClInclude Include="vrs_image_compute_drawer.h">
      <Filter>Headerdateien</Filter>
    </ClInclude>
  </ItemGroup>
  <ItemGroup>
    <ResourceCompile Include="VulkanIntro.rc">
      <Filter>Ressourcendateien</Filter>
    </ResourceCompile>
  </ItemGroup>
</Project>