<?xml version="1.0" encoding="utf-8"?>
<Project ToolsVersion="4.0" xmlns="http://schemas.microsoft.com/developer/msbuild/2003">
  <ItemGroup>
    <ClCompile Include="..\..\framework\src\composition_interface.cpp">
      <Filter>Source Files\general</Filter>
    </ClCompile>
    <ClCompile Include="..\..\framework\src\window.cpp">
      <Filter>Source Files\environment</Filter>
    </ClCompile>
    <ClCompile Include="..\..\framework\src\log.cpp">
      <Filter>Source Files\utils</Filter>
    </ClCompile>
    <ClCompile Include="..\..\framework\src\fixed_update_timer.cpp">
      <Filter>Source Files\timer</Filter>
    </ClCompile>
    <ClCompile Include="..\..\framework\src\varying_update_only_timer.cpp">
      <Filter>Source Files\timer</Filter>
    </ClCompile>
    <ClCompile Include="..\..\framework\src\input_buffer.cpp">
      <Filter>Source Files\input</Filter>
    </ClCompile>
    <ClCompile Include="..\..\framework\src\shader.cpp">
      <Filter>Source Files\pipeline</Filter>
    </ClCompile>
    <ClCompile Include="..\..\framework\src\context.cpp">
      <Filter>Source Files\context</Filter>
    </ClCompile>
    <ClCompile Include="..\..\framework\src\context_opengl46.cpp">
      <Filter>Source Files\context\opengl46</Filter>
    </ClCompile>
    <ClCompile Include="..\..\framework\src\context_vulkan.cpp">
      <Filter>Source Files\context\vulkan</Filter>
    </ClCompile>
    <ClCompile Include="..\..\framework\src\context_generic_glfw.cpp">
      <Filter>Source Files\context\glfw</Filter>
    </ClCompile>
    <ClCompile Include="..\..\framework\src\context_vulkan_types.cpp">
      <Filter>Source Files\context\vulkan</Filter>
    </ClCompile>
    <ClCompile Include="..\..\framework\src\context_opengl46_types.cpp">
      <Filter>Source Files\context\opengl46</Filter>
    </ClCompile>
    <ClCompile Include="..\..\framework\src\model.cpp">
      <Filter>Source Files\geometry</Filter>
    </ClCompile>
    <ClCompile Include="..\..\framework\src\transform.cpp">
      <Filter>Source Files\scene</Filter>
    </ClCompile>
    <ClCompile Include="..\..\framework\src\math_utils.cpp">
      <Filter>Source Files\utils</Filter>
    </ClCompile>
    <ClCompile Include="..\..\framework\src\cg_element.cpp">
      <Filter>Source Files\general</Filter>
    </ClCompile>
    <ClCompile Include="..\..\framework\src\camera.cpp">
      <Filter>Source Files\scene</Filter>
    </ClCompile>
    <ClCompile Include="..\..\framework\src\quake_camera.cpp">
      <Filter>Source Files\scene</Filter>
    </ClCompile>
    <ClCompile Include="..\precompiled_headers\src\cg_stdafx.cpp">
      <Filter>Source Files\precompiled_headers</Filter>
    </ClCompile>
    <ClCompile Include="..\..\external\universal\src\imgui_draw.cpp">
      <Filter>Source Files\external</Filter>
    </ClCompile>
    <ClCompile Include="..\..\external\universal\src\imgui_demo.cpp">
      <Filter>Source Files\external</Filter>
    </ClCompile>
    <ClCompile Include="..\..\external\universal\src\imgui.cpp">
      <Filter>Source Files\external</Filter>
    </ClCompile>
    <ClCompile Include="..\..\external\universal\src\format.cc">
      <Filter>Source Files\external</Filter>
    </ClCompile>
    <ClCompile Include="..\..\external\universal\src\FileWatcher\FileWatcherWin32.cpp">
      <Filter>Source Files\external\FileWatcher</Filter>
    </ClCompile>
    <ClCompile Include="..\..\external\universal\src\FileWatcher\FileWatcher.cpp">
      <Filter>Source Files\external\FileWatcher</Filter>
    </ClCompile>
    <ClCompile Include="..\..\framework\src_stst\vkCgbBuffer.cpp">
      <Filter>Source Files\stst</Filter>
    </ClCompile>
    <ClCompile Include="..\..\framework\src_stst\vkCgbImage.cpp">
      <Filter>Source Files\stst</Filter>
    </ClCompile>
    <ClCompile Include="..\..\framework\src_stst\vkCgbMemory.cpp">
      <Filter>Source Files\stst</Filter>
    </ClCompile>
    <ClCompile Include="..\..\framework\src_stst\vkCommandBufferManager.cpp">
      <Filter>Source Files\stst</Filter>
    </ClCompile>
    <ClCompile Include="..\..\framework\src_stst\vkContext.cpp">
      <Filter>Source Files\stst</Filter>
    </ClCompile>
    <ClCompile Include="..\..\framework\src_stst\vkDrawer.cpp">
      <Filter>Source Files\stst</Filter>
    </ClCompile>
    <ClCompile Include="..\..\framework\src_stst\vkImagePresenter.cpp">
      <Filter>Source Files\stst</Filter>
    </ClCompile>
    <ClCompile Include="..\..\framework\src_stst\vkMemoryManager.cpp">
      <Filter>Source Files\stst</Filter>
    </ClCompile>
    <ClCompile Include="..\..\framework\src_stst\vkPresenter.cpp">
      <Filter>Source Files\stst</Filter>
    </ClCompile>
    <ClCompile Include="..\..\framework\src_stst\vkRenderer.cpp">
      <Filter>Source Files\stst</Filter>
    </ClCompile>
    <ClCompile Include="..\..\framework\src_stst\vkRenderObject.cpp">
      <Filter>Source Files\stst</Filter>
    </ClCompile>
    <ClCompile Include="..\..\framework\src_stst\vkTexture.cpp">
      <Filter>Source Files\stst</Filter>
    </ClCompile>
    <ClCompile Include="..\..\framework\src_stst\vulkan_framebuffer.cpp">
      <Filter>Source Files\stst</Filter>
    </ClCompile>
    <ClCompile Include="..\..\framework\src_stst\vulkan_pipeline.cpp">
      <Filter>Source Files\stst</Filter>
    </ClCompile>
    <ClCompile Include="..\..\framework\src_stst\vulkan_render_queue.cpp">
      <Filter>Source Files\stst</Filter>
    </ClCompile>
  </ItemGroup>
  <ItemGroup>
    <ClInclude Include="..\..\framework\include\context.h">
      <Filter>Header Files\context</Filter>
    </ClInclude>
    <ClInclude Include="..\..\framework\include\cg_element.h">
      <Filter>Header Files\general</Filter>
    </ClInclude>
    <ClInclude Include="..\..\framework\include\composition.h">
      <Filter>Header Files\general</Filter>
    </ClInclude>
    <ClInclude Include="..\..\framework\include\composition_interface.h">
      <Filter>Header Files\general</Filter>
    </ClInclude>
    <ClInclude Include="..\..\framework\include\window.h">
      <Filter>Header Files\environment</Filter>
    </ClInclude>
    <ClInclude Include="..\..\framework\include\log.h">
      <Filter>Header Files\utils</Filter>
    </ClInclude>
    <ClInclude Include="..\..\framework\include\fixed_update_timer.h">
      <Filter>Header Files\timer</Filter>
    </ClInclude>
    <ClInclude Include="..\..\framework\include\timer_frame_type.h">
      <Filter>Header Files\timer</Filter>
    </ClInclude>
    <ClInclude Include="..\..\framework\include\timer_interface.h">
      <Filter>Header Files\timer</Filter>
    </ClInclude>
    <ClInclude Include="..\..\framework\include\varying_update_only_timer.h">
      <Filter>Header Files\timer</Filter>
    </ClInclude>
    <ClInclude Include="..\..\framework\include\input_buffer.h">
      <Filter>Header Files\input</Filter>
    </ClInclude>
    <ClInclude Include="..\..\framework\include\key_code.h">
      <Filter>Header Files\input</Filter>
    </ClInclude>
    <ClInclude Include="..\..\framework\include\key_state.h">
      <Filter>Header Files\input</Filter>
    </ClInclude>
    <ClInclude Include="..\..\framework\include\shader.h">
      <Filter>Header Files\pipeline</Filter>
    </ClInclude>
    <ClInclude Include="..\..\framework\include\shader_source_info.h">
      <Filter>Header Files\pipeline</Filter>
    </ClInclude>
    <ClInclude Include="..\..\framework\include\sequential_executor.h">
      <Filter>Header Files\general</Filter>
    </ClInclude>
    <ClInclude Include="..\..\framework\include\cg_base.h">
      <Filter>Header Files</Filter>
    </ClInclude>
    <ClInclude Include="..\..\framework\include\context_opengl46.h">
      <Filter>Header Files\context\opengl46</Filter>
    </ClInclude>
    <ClInclude Include="..\..\framework\include\context_opengl46_types.h">
      <Filter>Header Files\context\opengl46</Filter>
    </ClInclude>
    <ClInclude Include="..\..\framework\include\context_generic_glfw.h">
      <Filter>Header Files\context\glfw</Filter>
    </ClInclude>
    <ClInclude Include="..\..\framework\include\context_generic_glfw_types.h">
      <Filter>Header Files\context\glfw</Filter>
    </ClInclude>
    <ClInclude Include="..\..\framework\include\context_vulkan.h">
      <Filter>Header Files\context\vulkan</Filter>
    </ClInclude>
    <ClInclude Include="..\..\framework\include\context_vulkan_types.h">
      <Filter>Header Files\context\vulkan</Filter>
    </ClInclude>
    <ClInclude Include="..\..\framework\include\formats.h">
      <Filter>Header Files</Filter>
    </ClInclude>
    <ClInclude Include="..\..\framework\include\context_types.h">
      <Filter>Header Files\context</Filter>
    </ClInclude>
    <ClInclude Include="..\..\framework\include\various_utils.h">
      <Filter>Header Files\utils</Filter>
    </ClInclude>
    <ClInclude Include="..\..\framework\include\string_utils.h">
      <Filter>Header Files\utils</Filter>
    </ClInclude>
    <ClInclude Include="..\..\framework\include\model.h">
      <Filter>Header Files\geometry</Filter>
    </ClInclude>
    <ClInclude Include="..\..\framework\include\transform.h">
      <Filter>Header Files\scene</Filter>
    </ClInclude>
    <ClInclude Include="..\..\framework\include\math_utils.h">
      <Filter>Header Files\utils</Filter>
    </ClInclude>
    <ClInclude Include="..\..\framework\include\camera.h">
      <Filter>Header Files\scene</Filter>
    </ClInclude>
    <ClInclude Include="..\..\framework\include\quake_camera.h">
      <Filter>Header Files\scene</Filter>
    </ClInclude>
    <ClInclude Include="..\precompiled_headers\include\cg_stdafx.h">
      <Filter>Header Files\precompiled_headers</Filter>
    </ClInclude>
    <ClInclude Include="..\precompiled_headers\include\cg_targetver.h">
      <Filter>Header Files\precompiled_headers</Filter>
    </ClInclude>
    <ClInclude Include="..\..\framework\include_stst\vkCgbBuffer.h">
      <Filter>Header Files\stst</Filter>
    </ClInclude>
    <ClInclude Include="..\..\framework\include_stst\vkCgbImage.h">
      <Filter>Header Files\stst</Filter>
    </ClInclude>
    <ClInclude Include="..\..\framework\include_stst\vkCgbMemory.h">
      <Filter>Header Files\stst</Filter>
    </ClInclude>
    <ClInclude Include="..\..\framework\include_stst\vkCommandBufferManager.h">
      <Filter>Header Files\stst</Filter>
    </ClInclude>
    <ClInclude Include="..\..\framework\include_stst\vkContext.h">
      <Filter>Header Files\stst</Filter>
    </ClInclude>
    <ClInclude Include="..\..\framework\include_stst\vkDrawer.h">
      <Filter>Header Files\stst</Filter>
    </ClInclude>
    <ClInclude Include="..\..\framework\include_stst\vkImagePresenter.h">
      <Filter>Header Files\stst</Filter>
    </ClInclude>
    <ClInclude Include="..\..\framework\include_stst\vkMemoryManager.h">
      <Filter>Header Files\stst</Filter>
    </ClInclude>
    <ClInclude Include="..\..\framework\include_stst\vkPresenter.h">
      <Filter>Header Files\stst</Filter>
    </ClInclude>
    <ClInclude Include="..\..\framework\include_stst\vkRenderer.h">
      <Filter>Header Files\stst</Filter>
    </ClInclude>
    <ClInclude Include="..\..\framework\include_stst\vkRenderObject.h">
      <Filter>Header Files\stst</Filter>
    </ClInclude>
    <ClInclude Include="..\..\framework\include_stst\vkTexture.h">
      <Filter>Header Files\stst</Filter>
    </ClInclude>
    <ClInclude Include="..\..\framework\include_stst\vulkan_framebuffer.h">
      <Filter>Header Files\stst</Filter>
    </ClInclude>
    <ClInclude Include="..\..\framework\include_stst\vulkan_pipeline.h">
      <Filter>Header Files\stst</Filter>
    </ClInclude>
    <ClInclude Include="..\..\framework\include_stst\vulkan_render_queue.h">
      <Filter>Header Files\stst</Filter>
    </ClInclude>
  </ItemGroup>
  <ItemGroup>
    <Filter Include="Header Files">
      <UniqueIdentifier>{f0debc15-831c-4ce5-8aa8-b45e296d9848}</UniqueIdentifier>
    </Filter>
    <Filter Include="Header Files\context">
      <UniqueIdentifier>{e5492fdd-6b02-4ca0-b263-543f1210e7b0}</UniqueIdentifier>
    </Filter>
    <Filter Include="Header Files\general">
      <UniqueIdentifier>{a4957e45-c75d-4e02-b071-b9ee12a0ecee}</UniqueIdentifier>
    </Filter>
    <Filter Include="Header Files\environment">
      <UniqueIdentifier>{71265412-bcfb-4e91-a7f7-658599c017c9}</UniqueIdentifier>
    </Filter>
    <Filter Include="Header Files\utils">
      <UniqueIdentifier>{23144c72-aad3-49a9-96d4-ede68eca6666}</UniqueIdentifier>
    </Filter>
    <Filter Include="Header Files\timer">
      <UniqueIdentifier>{bb4197cf-5a2e-439b-8c69-0f3197ed1abc}</UniqueIdentifier>
    </Filter>
    <Filter Include="Header Files\input">
      <UniqueIdentifier>{13e34ef1-6c80-45ea-a246-44fbddb451b7}</UniqueIdentifier>
    </Filter>
    <Filter Include="Source Files">
      <UniqueIdentifier>{99cf0065-9330-4485-b7e0-b67aa6c775cc}</UniqueIdentifier>
    </Filter>
    <Filter Include="Source Files\general">
      <UniqueIdentifier>{b6a318e6-0672-4cfd-9dee-8f4cffb2b9c1}</UniqueIdentifier>
    </Filter>
    <Filter Include="Source Files\environment">
      <UniqueIdentifier>{70da7be8-f87f-424f-a2cb-e7e14c29771c}</UniqueIdentifier>
    </Filter>
    <Filter Include="Source Files\context">
      <UniqueIdentifier>{f608b38b-95d7-4852-ab7c-e65244afe8cd}</UniqueIdentifier>
    </Filter>
    <Filter Include="Source Files\utils">
      <UniqueIdentifier>{46fe8982-4f9b-4606-9f98-bf60fa1f6524}</UniqueIdentifier>
    </Filter>
    <Filter Include="Source Files\external">
      <UniqueIdentifier>{01ec6606-9462-4183-b896-331537dd7240}</UniqueIdentifier>
    </Filter>
    <Filter Include="Source Files\external\FileWatcher">
      <UniqueIdentifier>{e42383c6-18d8-4c20-95ad-9d3f00c29b0d}</UniqueIdentifier>
    </Filter>
    <Filter Include="Source Files\timer">
      <UniqueIdentifier>{342395ee-971c-4dfb-9272-209ceb57fa4f}</UniqueIdentifier>
    </Filter>
    <Filter Include="Source Files\input">
      <UniqueIdentifier>{6d1f1374-07cc-43fd-909b-d1666ae073dc}</UniqueIdentifier>
    </Filter>
    <Filter Include="Header Files\context\glfw">
      <UniqueIdentifier>{7a48d805-d55d-43b4-871b-c3ca8f382c38}</UniqueIdentifier>
    </Filter>
    <Filter Include="Header Files\context\vulkan">
      <UniqueIdentifier>{c905e534-5618-4d8e-8cd8-5f1bb618ad0d}</UniqueIdentifier>
    </Filter>
    <Filter Include="Header Files\context\opengl46">
      <UniqueIdentifier>{2f6ad3fb-9dc3-4e3d-9f48-2f14baf6ad74}</UniqueIdentifier>
    </Filter>
    <Filter Include="Source Files\context\glfw">
      <UniqueIdentifier>{5fe888a9-cde3-421a-8902-658ac9aaaea4}</UniqueIdentifier>
    </Filter>
    <Filter Include="Source Files\context\opengl46">
      <UniqueIdentifier>{0e7362c3-8fde-4d45-bf90-3078d0e4d8f1}</UniqueIdentifier>
    </Filter>
    <Filter Include="Source Files\context\vulkan">
      <UniqueIdentifier>{ea0fdf81-c732-4701-a2d4-ab296818eaba}</UniqueIdentifier>
    </Filter>
    <Filter Include="Header Files\geometry">
      <UniqueIdentifier>{7e592d59-e1a9-4f56-a9d2-2fdb56a7075f}</UniqueIdentifier>
    </Filter>
    <Filter Include="Source Files\geometry">
      <UniqueIdentifier>{50fa4b81-fe6d-4215-80a8-6d974e43b960}</UniqueIdentifier>
    </Filter>
    <Filter Include="Header Files\scene">
      <UniqueIdentifier>{874fb75f-84d8-4d21-bc49-4a0b2b414996}</UniqueIdentifier>
    </Filter>
    <Filter Include="Header Files\pipeline">
      <UniqueIdentifier>{bbc1b475-3f01-4d00-bc33-444e7d205aee}</UniqueIdentifier>
    </Filter>
    <Filter Include="Source Files\pipeline">
      <UniqueIdentifier>{0fdd72a4-7319-41db-8135-463523b4cb94}</UniqueIdentifier>
    </Filter>
    <Filter Include="Source Files\scene">
      <UniqueIdentifier>{7e028abe-dc0a-4bc4-a113-c1f9c61d73b8}</UniqueIdentifier>
    </Filter>
    <Filter Include="Header Files\precompiled_headers">
      <UniqueIdentifier>{7ec27cee-9cd5-4218-838d-24f9822158b8}</UniqueIdentifier>
    </Filter>
    <Filter Include="Source Files\precompiled_headers">
      <UniqueIdentifier>{c7da7861-4954-4b1c-8251-2760621ea559}</UniqueIdentifier>
    </Filter>
    <Filter Include="Source Files\stst">
      <UniqueIdentifier>{d4589d3e-20ea-4eac-bf77-e2efc4d55183}</UniqueIdentifier>
    </Filter>
    <Filter Include="Header Files\stst">
      <UniqueIdentifier>{8e06662e-f796-42ca-b1e9-7fb5710b099d}</UniqueIdentifier>
    </Filter>
  </ItemGroup>
</Project>