<?xml version="1.0" encoding="utf-8"?>
<Project ToolsVersion="4.0" xmlns="http://schemas.microsoft.com/developer/msbuild/2003">
  <ItemGroup>
    <ClCompile Include="..\..\framework\src\composition_interface.cpp">
      <Filter>Source Files\application_structure_and_general_stuff</Filter>
    </ClCompile>
    <ClCompile Include="..\..\framework\src\context.cpp">
      <Filter>Source Files\context_and_context_specific_functionality</Filter>
    </ClCompile>
    <ClCompile Include="..\..\framework\src\context_opengl46.cpp">
      <Filter>Source Files\context_and_context_specific_functionality\opengl46</Filter>
    </ClCompile>
    <ClCompile Include="..\..\framework\src\context_vulkan.cpp">
      <Filter>Source Files\context_and_context_specific_functionality\vulkan</Filter>
    </ClCompile>
    <ClCompile Include="..\..\framework\src\context_generic_glfw.cpp">
      <Filter>Source Files\context_and_context_specific_functionality\glfw</Filter>
    </ClCompile>
    <ClCompile Include="..\..\framework\src\context_opengl46_types.cpp">
      <Filter>Source Files\context_and_context_specific_functionality\opengl46</Filter>
    </ClCompile>
    <ClCompile Include="..\..\framework\src\model.cpp">
      <Filter>Source Files\data_buffers_images</Filter>
    </ClCompile>
    <ClCompile Include="..\..\framework\src\transform.cpp">
      <Filter>Source Files\scene_and_object_hierarchy</Filter>
    </ClCompile>
    <ClCompile Include="..\..\framework\src\cg_element.cpp">
      <Filter>Source Files\application_structure_and_general_stuff</Filter>
    </ClCompile>
    <ClCompile Include="..\precompiled_headers\src\cg_stdafx.cpp">
      <Filter>Source Files\precompiled_headers</Filter>
    </ClCompile>
    <ClCompile Include="..\..\external\universal\src\format.cc">
      <Filter>Source Files\external</Filter>
    </ClCompile>
    <ClCompile Include="..\..\external\universal\src\FileWatcher\FileWatcherWin32.cpp">
      <Filter>Source Files\external\FileWatcher</Filter>
    </ClCompile>
    <ClCompile Include="..\..\external\universal\src\FileWatcher\FileWatcher.cpp">
      <Filter>Source Files\external\FileWatcher</Filter>
    </ClCompile>
    <ClCompile Include="..\..\framework\src_stst\vulkan_framebuffer.cpp">
      <Filter>Source Files\stst</Filter>
    </ClCompile>
    <ClCompile Include="..\..\framework\src_stst\vulkan_pipeline.cpp">
      <Filter>Source Files\stst</Filter>
    </ClCompile>
    <ClCompile Include="..\..\framework\src_stst\vulkan_render_queue.cpp">
      <Filter>Source Files\stst</Filter>
    </ClCompile>
    <ClCompile Include="..\..\framework\src_stst\vulkan_buffer.cpp">
      <Filter>Source Files\stst</Filter>
    </ClCompile>
    <ClCompile Include="..\..\framework\src_stst\vulkan_image.cpp">
      <Filter>Source Files\stst</Filter>
    </ClCompile>
    <ClCompile Include="..\..\framework\src_stst\vulkan_memory.cpp">
      <Filter>Source Files\stst</Filter>
    </ClCompile>
    <ClCompile Include="..\..\framework\src_stst\vulkan_command_buffer_manager.cpp">
      <Filter>Source Files\stst</Filter>
    </ClCompile>
    <ClCompile Include="..\..\framework\src_stst\vulkan_context.cpp">
      <Filter>Source Files\stst</Filter>
    </ClCompile>
    <ClCompile Include="..\..\framework\src_stst\vulkan_drawer.cpp">
      <Filter>Source Files\stst</Filter>
    </ClCompile>
    <ClCompile Include="..\..\framework\src_stst\vulkan_image_presenter.cpp">
      <Filter>Source Files\stst</Filter>
    </ClCompile>
    <ClCompile Include="..\..\framework\src_stst\vulkan_memory_manager.cpp">
      <Filter>Source Files\stst</Filter>
    </ClCompile>
    <ClCompile Include="..\..\framework\src_stst\vulkan_renderer.cpp">
      <Filter>Source Files\stst</Filter>
    </ClCompile>
    <ClCompile Include="..\..\framework\src_stst\vulkan_render_object.cpp">
      <Filter>Source Files\stst</Filter>
    </ClCompile>
    <ClCompile Include="..\..\framework\src_stst\vulkan_texture.cpp">
      <Filter>Source Files\stst</Filter>
    </ClCompile>
    <ClCompile Include="..\..\framework\src_stst\vulkan_attribute_description_binding.cpp">
      <Filter>Source Files\stst</Filter>
    </ClCompile>
    <ClCompile Include="..\..\framework\src_stst\vulkan_resource_bundle.cpp">
      <Filter>Source Files\stst</Filter>
    </ClCompile>
    <ClCompile Include="..\..\framework\src_stst\vulkan_resource_bundle_group.cpp">
      <Filter>Source Files\stst</Filter>
    </ClCompile>
    <ClCompile Include="..\..\framework\src_stst\vulkan_resource_bundle_layout.cpp">
      <Filter>Source Files\stst</Filter>
    </ClCompile>
    <ClCompile Include="..\..\framework\src\window_base.cpp">
      <Filter>Source Files\window_and_presentation</Filter>
    </ClCompile>
    <ClCompile Include="..\..\external\universal\src\imgui.cpp">
      <Filter>Source Files\external</Filter>
    </ClCompile>
    <ClCompile Include="..\..\external\universal\src\imgui_demo.cpp">
      <Filter>Source Files\external</Filter>
    </ClCompile>
    <ClCompile Include="..\..\external\universal\src\imgui_draw.cpp">
      <Filter>Source Files\external</Filter>
    </ClCompile>
    <ClCompile Include="..\..\external\universal\src\imgui_widgets.cpp">
      <Filter>Source Files\external</Filter>
    </ClCompile>
    <ClCompile Include="..\..\framework\src\window_vulkan.cpp">
      <Filter>Source Files\context_and_context_specific_functionality\vulkan</Filter>
    </ClCompile>
    <ClCompile Include="..\..\external\universal\src\imgui_impl_glfw.cpp">
      <Filter>Source Files\external</Filter>
    </ClCompile>
    <ClCompile Include="..\..\external\universal\src\imgui_impl_opengl3.cpp">
      <Filter>Source Files\external</Filter>
    </ClCompile>
    <ClCompile Include="..\..\external\universal\src\imgui_impl_vulkan.cpp">
      <Filter>Source Files\external</Filter>
    </ClCompile>
    <ClCompile Include="..\..\framework\src\input_buffer.cpp">
      <Filter>Source Files\application_structure_and_general_stuff\input</Filter>
    </ClCompile>
    <ClCompile Include="..\..\framework\src\log.cpp">
      <Filter>Source Files\utilities_components_helpers\logging</Filter>
    </ClCompile>
    <ClCompile Include="..\..\framework\src\math_utils.cpp">
      <Filter>Source Files\utilities_components_helpers\math_and_geometry_utils</Filter>
    </ClCompile>
    <ClCompile Include="..\..\framework\src\camera.cpp">
      <Filter>Source Files\utilities_components_helpers\cameras</Filter>
    </ClCompile>
    <ClCompile Include="..\..\framework\src\quake_camera.cpp">
      <Filter>Source Files\utilities_components_helpers\cameras</Filter>
    </ClCompile>
    <ClCompile Include="..\..\framework\src\fixed_update_timer.cpp">
      <Filter>Source Files\application_structure_and_general_stuff\timers</Filter>
    </ClCompile>
    <ClCompile Include="..\..\framework\src\varying_update_timer.cpp">
      <Filter>Source Files\application_structure_and_general_stuff\timers</Filter>
    </ClCompile>
    <ClCompile Include="..\..\framework\src\synchronization_vulkan.cpp">
      <Filter>Source Files\context_and_context_specific_functionality\vulkan</Filter>
    </ClCompile>
    <ClCompile Include="..\..\framework\src\shader_vulkan.cpp">
      <Filter>Source Files\context_and_context_specific_functionality\vulkan</Filter>
    </ClCompile>
    <ClCompile Include="..\..\framework\src\image.cpp">
      <Filter>Source Files\data_buffers_images</Filter>
    </ClCompile>
    <ClCompile Include="..\..\framework\src\image_vulkan.cpp">
      <Filter>Source Files\context_and_context_specific_functionality\vulkan</Filter>
    </ClCompile>
    <ClCompile Include="..\..\framework\src\vulkan_convenience_functions.cpp">
      <Filter>Source Files\context_and_context_specific_functionality\vulkan</Filter>
    </ClCompile>
    <ClCompile Include="..\..\framework\src\image_view_vulkan.cpp">
      <Filter>Source Files\context_and_context_specific_functionality\vulkan</Filter>
    </ClCompile>
    <ClCompile Include="..\..\framework\src\sampler_vulkan.cpp">
      <Filter>Source Files\context_and_context_specific_functionality\vulkan</Filter>
    </ClCompile>
    <ClCompile Include="..\..\framework\src\image_sampler_vulkan.cpp">
      <Filter>Source Files\context_and_context_specific_functionality\vulkan</Filter>
    </ClCompile>
    <ClCompile Include="..\..\framework\src\command_buffer_vulkan.cpp">
      <Filter>Source Files\context_and_context_specific_functionality\vulkan</Filter>
    </ClCompile>
    <ClCompile Include="..\..\framework\src\command_pool_vulkan.cpp">
      <Filter>Source Files\context_and_context_specific_functionality\vulkan</Filter>
    </ClCompile>
    <ClCompile Include="..\..\framework\src\queue_vulkan.cpp">
      <Filter>Source Files\context_and_context_specific_functionality\vulkan</Filter>
    </ClCompile>
    <ClCompile Include="..\..\framework\src\pipeline_vulkan.cpp">
      <Filter>Source Files\context_and_context_specific_functionality\vulkan</Filter>
    </ClCompile>
    <ClCompile Include="..\..\framework\src\framebuffer_vulkan.cpp">
      <Filter>Source Files\context_and_context_specific_functionality\vulkan</Filter>
    </ClCompile>
    <ClCompile Include="..\..\framework\src\descriptor_set_vulkan.cpp">
      <Filter>Source Files\context_and_context_specific_functionality\vulkan</Filter>
    </ClCompile>
    <ClCompile Include="..\..\framework\src\acceleration_structure_vulkan.cpp">
      <Filter>Source Files\context_and_context_specific_functionality\vulkan</Filter>
    </ClCompile>
    <ClCompile Include="..\..\framework\src\shader_binding_table_vulkan.cpp">
      <Filter>Source Files\context_and_context_specific_functionality\vulkan</Filter>
    </ClCompile>
    <ClCompile Include="..\..\framework\src\essential_utils.cpp">
      <Filter>Source Files\utilities_components_helpers\helper_functions</Filter>
    </ClCompile>
    <ClCompile Include="..\..\framework\src\descriptor_pool_vulkan.cpp">
      <Filter>Source Files\context_and_context_specific_functionality\vulkan</Filter>
    </ClCompile>
    <ClCompile Include="..\..\framework\src\vulkan_helper_functions.cpp">
      <Filter>Source Files\context_and_context_specific_functionality\vulkan</Filter>
    </ClCompile>
    <ClCompile Include="..\..\framework\src\buffer_vulkan.cpp">
      <Filter>Source Files\context_and_context_specific_functionality\vulkan</Filter>
    </ClCompile>
    <ClCompile Include="shader_info.cpp">
      <Filter>Source Files\pipeline_and_shaders</Filter>
    </ClCompile>
    <ClCompile Include="..\..\framework\src\input_description.cpp">
      <Filter>Source Files\pipeline_and_shaders</Filter>
    </ClCompile>
    <ClCompile Include="..\..\framework\src\graphics_pipeline_config.cpp">
      <Filter>Source Files\pipeline_and_shaders</Filter>
    </ClCompile>
  </ItemGroup>
  <ItemGroup>
    <ClInclude Include="..\..\framework\include\context.h">
      <Filter>Header Files\context_and_context_specific_functionality</Filter>
    </ClInclude>
    <ClInclude Include="..\..\framework\include\cg_element.h">
      <Filter>Header Files\application_structure_and_general_stuff</Filter>
    </ClInclude>
    <ClInclude Include="..\..\framework\include\composition_interface.h">
      <Filter>Header Files\application_structure_and_general_stuff</Filter>
    </ClInclude>
    <ClInclude Include="..\..\framework\include\fixed_update_timer.h">
      <Filter>Header Files\application_structure_and_general_stuff\timers</Filter>
    </ClInclude>
    <ClInclude Include="..\..\framework\include\timer_frame_type.h">
      <Filter>Header Files\application_structure_and_general_stuff\timers</Filter>
    </ClInclude>
    <ClInclude Include="..\..\framework\include\timer_interface.h">
      <Filter>Header Files\application_structure_and_general_stuff\timers</Filter>
    </ClInclude>
    <ClInclude Include="..\..\framework\include\input_buffer.h">
      <Filter>Header Files\application_structure_and_general_stuff\input</Filter>
    </ClInclude>
    <ClInclude Include="..\..\framework\include\key_code.h">
      <Filter>Header Files\application_structure_and_general_stuff\input</Filter>
    </ClInclude>
    <ClInclude Include="..\..\framework\include\key_state.h">
      <Filter>Header Files\application_structure_and_general_stuff\input</Filter>
    </ClInclude>
    <ClInclude Include="..\..\framework\include\context_opengl46.h">
      <Filter>Header Files\context_and_context_specific_functionality\opengl46</Filter>
    </ClInclude>
    <ClInclude Include="..\..\framework\include\context_opengl46_types.h">
      <Filter>Header Files\context_and_context_specific_functionality\opengl46</Filter>
    </ClInclude>
    <ClInclude Include="..\..\framework\include\context_generic_glfw.h">
      <Filter>Header Files\context_and_context_specific_functionality\glfw</Filter>
    </ClInclude>
    <ClInclude Include="..\..\framework\include\context_generic_glfw_types.h">
      <Filter>Header Files\context_and_context_specific_functionality\glfw</Filter>
    </ClInclude>
    <ClInclude Include="..\..\framework\include\context_vulkan.h">
      <Filter>Header Files\context_and_context_specific_functionality\vulkan</Filter>
    </ClInclude>
    <ClInclude Include="..\..\framework\include\model.h">
      <Filter>Header Files\data_buffers_images</Filter>
    </ClInclude>
    <ClInclude Include="..\..\framework\include\transform.h">
      <Filter>Header Files\scene_and_object_hierarchy</Filter>
    </ClInclude>
    <ClInclude Include="..\precompiled_headers\include\cg_stdafx.h">
      <Filter>Header Files\precompiled_headers</Filter>
    </ClInclude>
    <ClInclude Include="..\precompiled_headers\include\cg_targetver.h">
      <Filter>Header Files\precompiled_headers</Filter>
    </ClInclude>
    <ClInclude Include="..\..\framework\include_stst\vulkan_framebuffer.h">
      <Filter>Header Files\stst</Filter>
    </ClInclude>
    <ClInclude Include="..\..\framework\include_stst\vulkan_pipeline.h">
      <Filter>Header Files\stst</Filter>
    </ClInclude>
    <ClInclude Include="..\..\framework\include_stst\vulkan_render_queue.h">
      <Filter>Header Files\stst</Filter>
    </ClInclude>
    <ClInclude Include="..\..\framework\include_stst\vulkan_image.h">
      <Filter>Header Files\stst</Filter>
    </ClInclude>
    <ClInclude Include="..\..\framework\include_stst\vulkan_buffer.h">
      <Filter>Header Files\stst</Filter>
    </ClInclude>
    <ClInclude Include="..\..\framework\include_stst\vulkan_memory.h">
      <Filter>Header Files\stst</Filter>
    </ClInclude>
    <ClInclude Include="..\..\framework\include_stst\vulkan_command_buffer_manager.h">
      <Filter>Header Files\stst</Filter>
    </ClInclude>
    <ClInclude Include="..\..\framework\include_stst\vulkan_context.h">
      <Filter>Header Files\stst</Filter>
    </ClInclude>
    <ClInclude Include="..\..\framework\include_stst\vulkan_drawer.h">
      <Filter>Header Files\stst</Filter>
    </ClInclude>
    <ClInclude Include="..\..\framework\include_stst\vulkan_image_presenter.h">
      <Filter>Header Files\stst</Filter>
    </ClInclude>
    <ClInclude Include="..\..\framework\include_stst\vulkan_memory_manager.h">
      <Filter>Header Files\stst</Filter>
    </ClInclude>
    <ClInclude Include="..\..\framework\include_stst\vulkan_renderer.h">
      <Filter>Header Files\stst</Filter>
    </ClInclude>
    <ClInclude Include="..\..\framework\include_stst\vulkan_render_object.h">
      <Filter>Header Files\stst</Filter>
    </ClInclude>
    <ClInclude Include="..\..\framework\include_stst\vulkan_texture.h">
      <Filter>Header Files\stst</Filter>
    </ClInclude>
    <ClInclude Include="..\..\framework\include_stst\vulkan_attribute_description_binding.h">
      <Filter>Header Files\stst</Filter>
    </ClInclude>
    <ClInclude Include="..\..\framework\include_stst\vulkan_resource_bundle.h">
      <Filter>Header Files\stst</Filter>
    </ClInclude>
    <ClInclude Include="..\..\framework\include_stst\vulkan_resource_bundle_group.h">
      <Filter>Header Files\stst</Filter>
    </ClInclude>
    <ClInclude Include="..\..\framework\include_stst\vulkan_resource_bundle_layout.h">
      <Filter>Header Files\stst</Filter>
    </ClInclude>
    <ClInclude Include="..\..\framework\include\window_base.h">
      <Filter>Header Files\window_and_presentation</Filter>
    </ClInclude>
    <ClInclude Include="..\..\framework\include\varying_update_timer.h">
      <Filter>Header Files\application_structure_and_general_stuff\timers</Filter>
    </ClInclude>
    <ClInclude Include="..\..\framework\include\window_vulkan.h">
      <Filter>Header Files\context_and_context_specific_functionality\vulkan</Filter>
    </ClInclude>
    <ClInclude Include="..\..\framework\include\context_state.h">
      <Filter>Header Files\context_and_context_specific_functionality</Filter>
    </ClInclude>
    <ClInclude Include="..\..\framework\include\cg_base.h">
      <Filter>Header Files\application_structure_and_general_stuff</Filter>
    </ClInclude>
    <ClInclude Include="..\..\framework\include\sequential_executor.h">
      <Filter>Header Files\application_structure_and_general_stuff\executors</Filter>
    </ClInclude>
    <ClInclude Include="..\..\framework\include\quake_camera.h">
      <Filter>Header Files\utilities_components_helpers\cameras</Filter>
    </ClInclude>
    <ClInclude Include="..\..\framework\include\camera.h">
      <Filter>Header Files\utilities_components_helpers\cameras</Filter>
    </ClInclude>
    <ClInclude Include="..\..\framework\include\log.h">
      <Filter>Header Files\utilities_components_helpers\logging</Filter>
    </ClInclude>
    <ClInclude Include="..\..\framework\include\math_utils.h">
      <Filter>Header Files\utilities_components_helpers\math_and_geometry_utils</Filter>
    </ClInclude>
    <ClInclude Include="..\..\framework\include\string_utils.h">
      <Filter>Header Files\utilities_components_helpers\helper_functions</Filter>
    </ClInclude>
    <ClInclude Include="..\..\framework\include\various_utils.h">
      <Filter>Header Files\utilities_components_helpers\helper_functions</Filter>
    </ClInclude>
    <ClInclude Include="..\..\framework\include\buffer.h">
      <Filter>Header Files\data_buffers_images</Filter>
    </ClInclude>
    <ClInclude Include="..\..\framework\include\synchronization_vulkan.h">
      <Filter>Header Files\context_and_context_specific_functionality\vulkan</Filter>
    </ClInclude>
    <ClInclude Include="..\..\framework\include\window_opengl.h">
      <Filter>Header Files\context_and_context_specific_functionality\opengl46</Filter>
    </ClInclude>
    <ClInclude Include="..\..\framework\include\synchronization_opengl.h">
      <Filter>Header Files\context_and_context_specific_functionality\opengl46</Filter>
    </ClInclude>
    <ClInclude Include="..\..\framework\include\memory_usage.h">
      <Filter>Header Files\data_buffers_images</Filter>
    </ClInclude>
    <ClInclude Include="..\..\framework\include\buffer_vulkan.h">
      <Filter>Header Files\context_and_context_specific_functionality\vulkan</Filter>
    </ClInclude>
    <ClInclude Include="..\..\framework\include\shader_vulkan.h">
      <Filter>Header Files\context_and_context_specific_functionality\vulkan</Filter>
    </ClInclude>
    <ClInclude Include="..\..\framework\include\shader_type.h">
      <Filter>Header Files\pipeline_and_shaders</Filter>
    </ClInclude>
    <ClInclude Include="..\..\framework\include\vulkan_convenience_functions.h">
      <Filter>Header Files\context_and_context_specific_functionality\vulkan</Filter>
    </ClInclude>
    <ClInclude Include="..\..\framework\include\composition.h">
      <Filter>Header Files\application_structure_and_general_stuff</Filter>
    </ClInclude>
    <ClInclude Include="..\..\framework\include\image.h">
      <Filter>Header Files\data_buffers_images</Filter>
    </ClInclude>
    <ClInclude Include="..\..\framework\include\buffer_data.h">
      <Filter>Header Files\data_buffers_images</Filter>
    </ClInclude>
    <ClInclude Include="..\..\framework\include\essential_utils.h">
      <Filter>Header Files\utilities_components_helpers\helper_functions</Filter>
    </ClInclude>
    <ClInclude Include="..\..\framework\include\image_vulkan.h">
      <Filter>Header Files\context_and_context_specific_functionality\vulkan</Filter>
    </ClInclude>
    <ClInclude Include="..\..\framework\include\image_view_vulkan.h">
      <Filter>Header Files\context_and_context_specific_functionality\vulkan</Filter>
    </ClInclude>
    <ClInclude Include="..\..\framework\include\sampler_vulkan.h">
      <Filter>Header Files\context_and_context_specific_functionality\vulkan</Filter>
    </ClInclude>
    <ClInclude Include="..\..\framework\include\image_sampler_vulkan.h">
      <Filter>Header Files\context_and_context_specific_functionality\vulkan</Filter>
    </ClInclude>
    <ClInclude Include="..\..\framework\include\device_queue_selection_strategy.h">
      <Filter>Header Files\data_buffers_images</Filter>
    </ClInclude>
    <ClInclude Include="..\..\framework\include\command_buffer_vulkan.h">
      <Filter>Header Files\context_and_context_specific_functionality\vulkan</Filter>
    </ClInclude>
    <ClInclude Include="..\..\framework\include\command_pool_vulkan.h">
      <Filter>Header Files\context_and_context_specific_functionality\vulkan</Filter>
    </ClInclude>
    <ClInclude Include="..\..\framework\include\queue_vulkan.h">
      <Filter>Header Files\context_and_context_specific_functionality\vulkan</Filter>
    </ClInclude>
    <ClInclude Include="..\..\framework\include\pipeline_vulkan.h">
      <Filter>Header Files\context_and_context_specific_functionality\vulkan</Filter>
    </ClInclude>
    <ClInclude Include="..\..\framework\include\framebuffer_vulkan.h">
      <Filter>Header Files\context_and_context_specific_functionality\vulkan</Filter>
    </ClInclude>
    <ClInclude Include="..\..\framework\include\descriptor_pool_vulkan.h">
      <Filter>Header Files\context_and_context_specific_functionality\vulkan</Filter>
    </ClInclude>
    <ClInclude Include="..\..\framework\include\descriptor_set_vulkan.h">
      <Filter>Header Files\context_and_context_specific_functionality\vulkan</Filter>
    </ClInclude>
    <ClInclude Include="..\..\framework\include\acceleration_structure_vulkan.h">
      <Filter>Header Files\context_and_context_specific_functionality\vulkan</Filter>
    </ClInclude>
    <ClInclude Include="..\..\framework\include\shader_binding_table_vulkan.h">
      <Filter>Header Files\context_and_context_specific_functionality\vulkan</Filter>
    </ClInclude>
    <ClInclude Include="..\..\framework\include\bindings_vulkan.h">
      <Filter>Header Files\context_and_context_specific_functionality\vulkan</Filter>
    </ClInclude>
    <ClInclude Include="..\..\framework\include\binding_data_vulkan.h">
      <Filter>Header Files\context_and_context_specific_functionality\vulkan</Filter>
    </ClInclude>
    <ClInclude Include="..\..\framework\include\vulkan_helper_functions.h">
      <Filter>Header Files\context_and_context_specific_functionality\vulkan</Filter>
    </ClInclude>
    <ClInclude Include="..\..\framework\include\context_tracker.h">
      <Filter>Header Files\application_structure_and_general_stuff</Filter>
    </ClInclude>
    <ClInclude Include="..\..\framework\include\buffer_member_format_vulkan.h">
      <Filter>Header Files\context_and_context_specific_functionality\vulkan</Filter>
    </ClInclude>
    <ClInclude Include="..\..\framework\include\shader_info.h">
      <Filter>Header Files\pipeline_and_shaders</Filter>
    </ClInclude>
    <ClInclude Include="..\..\framework\include\input_description.h">
      <Filter>Header Files\pipeline_and_shaders</Filter>
    </ClInclude>
    <ClInclude Include="..\..\framework\include\graphics_pipeline_config.h">
      <Filter>Header Files\pipeline_and_shaders</Filter>
    </ClInclude>
    <ClInclude Include="..\..\framework\include\push_constants.h">
      <Filter>Header Files\pipeline_and_shaders</Filter>
    </ClInclude>
  </ItemGroup>
  <ItemGroup>
    <Filter Include="Header Files">
      <UniqueIdentifier>{f0debc15-831c-4ce5-8aa8-b45e296d9848}</UniqueIdentifier>
    </Filter>
    <Filter Include="Source Files">
      <UniqueIdentifier>{99cf0065-9330-4485-b7e0-b67aa6c775cc}</UniqueIdentifier>
    </Filter>
    <Filter Include="Source Files\external">
      <UniqueIdentifier>{01ec6606-9462-4183-b896-331537dd7240}</UniqueIdentifier>
    </Filter>
    <Filter Include="Source Files\external\FileWatcher">
      <UniqueIdentifier>{e42383c6-18d8-4c20-95ad-9d3f00c29b0d}</UniqueIdentifier>
    </Filter>
    <Filter Include="Header Files\precompiled_headers">
      <UniqueIdentifier>{7ec27cee-9cd5-4218-838d-24f9822158b8}</UniqueIdentifier>
    </Filter>
    <Filter Include="Source Files\precompiled_headers">
      <UniqueIdentifier>{c7da7861-4954-4b1c-8251-2760621ea559}</UniqueIdentifier>
    </Filter>
    <Filter Include="Source Files\stst">
      <UniqueIdentifier>{d4589d3e-20ea-4eac-bf77-e2efc4d55183}</UniqueIdentifier>
    </Filter>
    <Filter Include="Header Files\stst">
      <UniqueIdentifier>{8e06662e-f796-42ca-b1e9-7fb5710b099d}</UniqueIdentifier>
    </Filter>
    <Filter Include="shaders">
      <UniqueIdentifier>{15f8ac6c-d112-4381-ba3f-b40b491e5a90}</UniqueIdentifier>
    </Filter>
    <Filter Include="Header Files\window_and_presentation">
      <UniqueIdentifier>{71265412-bcfb-4e91-a7f7-658599c017c9}</UniqueIdentifier>
    </Filter>
    <Filter Include="Header Files\pipeline_and_shaders">
      <UniqueIdentifier>{bbc1b475-3f01-4d00-bc33-444e7d205aee}</UniqueIdentifier>
    </Filter>
    <Filter Include="Header Files\application_structure_and_general_stuff">
      <UniqueIdentifier>{a4957e45-c75d-4e02-b071-b9ee12a0ecee}</UniqueIdentifier>
    </Filter>
    <Filter Include="Header Files\application_structure_and_general_stuff\timers">
      <UniqueIdentifier>{bb4197cf-5a2e-439b-8c69-0f3197ed1abc}</UniqueIdentifier>
    </Filter>
    <Filter Include="Header Files\application_structure_and_general_stuff\executors">
      <UniqueIdentifier>{55acfcc3-15f4-491b-8cfa-d768e751b37a}</UniqueIdentifier>
    </Filter>
    <Filter Include="Header Files\application_structure_and_general_stuff\input">
      <UniqueIdentifier>{13e34ef1-6c80-45ea-a246-44fbddb451b7}</UniqueIdentifier>
    </Filter>
    <Filter Include="Header Files\scene_and_object_hierarchy">
      <UniqueIdentifier>{874fb75f-84d8-4d21-bc49-4a0b2b414996}</UniqueIdentifier>
    </Filter>
    <Filter Include="Header Files\utilities_components_helpers">
      <UniqueIdentifier>{42c1501c-8c6d-4276-ac58-d37027b2c265}</UniqueIdentifier>
    </Filter>
    <Filter Include="Header Files\utilities_components_helpers\cameras">
      <UniqueIdentifier>{c53c355c-f3f9-4752-b94d-5f146ba9ce85}</UniqueIdentifier>
    </Filter>
    <Filter Include="Header Files\user_interface">
      <UniqueIdentifier>{f803aed2-06ab-4a2f-b409-9c74eb85a01b}</UniqueIdentifier>
    </Filter>
    <Filter Include="Header Files\utilities_components_helpers\math_and_geometry_utils">
      <UniqueIdentifier>{3f988d90-307a-4889-a21c-1dbe8b2320c2}</UniqueIdentifier>
    </Filter>
    <Filter Include="Header Files\utilities_components_helpers\helper_functions">
      <UniqueIdentifier>{bc6c275d-bcd4-457d-bf53-c72064ce8be2}</UniqueIdentifier>
    </Filter>
    <Filter Include="Header Files\utilities_components_helpers\logging">
      <UniqueIdentifier>{6c0adc2a-695f-4f53-83be-b3ffc143ad5c}</UniqueIdentifier>
    </Filter>
    <Filter Include="Header Files\context_and_context_specific_functionality">
      <UniqueIdentifier>{e5492fdd-6b02-4ca0-b263-543f1210e7b0}</UniqueIdentifier>
    </Filter>
    <Filter Include="Header Files\context_and_context_specific_functionality\glfw">
      <UniqueIdentifier>{7a48d805-d55d-43b4-871b-c3ca8f382c38}</UniqueIdentifier>
    </Filter>
    <Filter Include="Header Files\context_and_context_specific_functionality\vulkan">
      <UniqueIdentifier>{c905e534-5618-4d8e-8cd8-5f1bb618ad0d}</UniqueIdentifier>
    </Filter>
    <Filter Include="Header Files\context_and_context_specific_functionality\opengl46">
      <UniqueIdentifier>{2f6ad3fb-9dc3-4e3d-9f48-2f14baf6ad74}</UniqueIdentifier>
    </Filter>
    <Filter Include="Source Files\context_and_context_specific_functionality">
      <UniqueIdentifier>{f608b38b-95d7-4852-ab7c-e65244afe8cd}</UniqueIdentifier>
    </Filter>
    <Filter Include="Source Files\context_and_context_specific_functionality\glfw">
      <UniqueIdentifier>{5fe888a9-cde3-421a-8902-658ac9aaaea4}</UniqueIdentifier>
    </Filter>
    <Filter Include="Source Files\context_and_context_specific_functionality\opengl46">
      <UniqueIdentifier>{0e7362c3-8fde-4d45-bf90-3078d0e4d8f1}</UniqueIdentifier>
    </Filter>
    <Filter Include="Source Files\context_and_context_specific_functionality\vulkan">
      <UniqueIdentifier>{ea0fdf81-c732-4701-a2d4-ab296818eaba}</UniqueIdentifier>
    </Filter>
    <Filter Include="Source Files\window_and_presentation">
      <UniqueIdentifier>{70da7be8-f87f-424f-a2cb-e7e14c29771c}</UniqueIdentifier>
    </Filter>
    <Filter Include="Source Files\application_structure_and_general_stuff">
      <UniqueIdentifier>{b6a318e6-0672-4cfd-9dee-8f4cffb2b9c1}</UniqueIdentifier>
    </Filter>
    <Filter Include="Source Files\application_structure_and_general_stuff\executors">
      <UniqueIdentifier>{a034951f-bd33-48d2-86a0-7907e64f14c3}</UniqueIdentifier>
    </Filter>
    <Filter Include="Source Files\application_structure_and_general_stuff\input">
      <UniqueIdentifier>{f78cf817-7639-4ad7-850c-0ade2bcbf0a2}</UniqueIdentifier>
    </Filter>
    <Filter Include="Source Files\application_structure_and_general_stuff\timers">
      <UniqueIdentifier>{f526f372-4587-438e-92bc-f69b7dda58bb}</UniqueIdentifier>
    </Filter>
    <Filter Include="Source Files\pipeline_and_shaders">
      <UniqueIdentifier>{0fdd72a4-7319-41db-8135-463523b4cb94}</UniqueIdentifier>
    </Filter>
    <Filter Include="Source Files\scene_and_object_hierarchy">
      <UniqueIdentifier>{7e028abe-dc0a-4bc4-a113-c1f9c61d73b8}</UniqueIdentifier>
    </Filter>
    <Filter Include="Source Files\utilities_components_helpers">
      <UniqueIdentifier>{46fe8982-4f9b-4606-9f98-bf60fa1f6524}</UniqueIdentifier>
    </Filter>
    <Filter Include="Source Files\utilities_components_helpers\logging">
      <UniqueIdentifier>{80dc6cad-1fd7-4ea1-9237-bb75bd732ffb}</UniqueIdentifier>
    </Filter>
    <Filter Include="Source Files\utilities_components_helpers\math_and_geometry_utils">
      <UniqueIdentifier>{86d74518-3790-4dbb-9338-e5800540fab5}</UniqueIdentifier>
    </Filter>
    <Filter Include="Source Files\utilities_components_helpers\helper_functions">
      <UniqueIdentifier>{5abc8df4-e418-4881-bb49-9bdc854ec3f0}</UniqueIdentifier>
    </Filter>
    <Filter Include="Source Files\utilities_components_helpers\cameras">
      <UniqueIdentifier>{8ce5e2af-eb10-41db-b611-c87ed4520013}</UniqueIdentifier>
    </Filter>
    <Filter Include="Source Files\user_interface">
      <UniqueIdentifier>{b3702408-1275-441e-96c8-274bca405c65}</UniqueIdentifier>
    </Filter>
    <Filter Include="Header Files\data_buffers_images">
      <UniqueIdentifier>{7e592d59-e1a9-4f56-a9d2-2fdb56a7075f}</UniqueIdentifier>
    </Filter>
    <Filter Include="Source Files\data_buffers_images">
      <UniqueIdentifier>{50fa4b81-fe6d-4215-80a8-6d974e43b960}</UniqueIdentifier>
    </Filter>
  </ItemGroup>
</Project>