<?xml version="1.0" encoding="utf-8"?>
<Project ToolsVersion="4.0" xmlns="http://schemas.microsoft.com/developer/msbuild/2003">
  <ItemGroup>
    <Filter Include="shaders">
      <UniqueIdentifier>{be49ce2a-a44b-4fed-b3c7-933944d59bbe}</UniqueIdentifier>
    </Filter>
    <Filter Include="assets">
      <UniqueIdentifier>{bb9c2164-6c10-461f-a9f8-c113d160de93}</UniqueIdentifier>
    </Filter>
    <Filter Include="assets\models">
      <UniqueIdentifier>{c36ffc2d-670c-41cf-8a8f-16ab970b641c}</UniqueIdentifier>
    </Filter>
    <Filter Include="assets\models\sponza">
      <UniqueIdentifier>{92f3608d-a2c5-4f97-801c-e359291f78d9}</UniqueIdentifier>
    </Filter>
    <Filter Include="Tobii">
      <UniqueIdentifier>{40467687-d0b9-4c15-a516-429ef2caebf1}</UniqueIdentifier>
    </Filter>
    <Filter Include="assets\chalet">
      <UniqueIdentifier>{429fa5bf-6ad9-4bbc-b579-c59f0fd54fba}</UniqueIdentifier>
    </Filter>
    <Filter Include="shaders\deferred">
      <UniqueIdentifier>{283c0252-727c-44d0-a924-6e83903278ae}</UniqueIdentifier>
    </Filter>
    <Filter Include="assets\models\island">
      <UniqueIdentifier>{6a452659-15ef-44e9-92aa-2917fd6d6a89}</UniqueIdentifier>
    </Filter>
  </ItemGroup>
  <ItemGroup>
    <None Include="..\..\..\examples\hello_vrs\shaders\triangle.frag">
      <Filter>shaders</Filter>
    </None>
    <None Include="..\..\..\examples\hello_vrs\shaders\triangle.vert">
      <Filter>shaders</Filter>
    </None>
    <None Include="..\..\..\examples\hello_vrs\shaders\vrs_img.comp">
      <Filter>shaders</Filter>
    </None>
    <None Include="@(NativeLibs)" />
    <None Include="@(NativeLibs)" />
    <None Include="@(NativeLibs)" />
    <None Include="@(NativeLibs)" />
    <None Include="..\..\..\framework\assets\models\sponza\sponza_plants.obj">
      <Filter>assets\models\sponza</Filter>
    </None>
    <None Include="..\..\..\framework\assets\models\sponza\sponza_structure.obj">
      <Filter>assets\models\sponza</Filter>
    </None>
    <None Include="..\..\..\framework\assets\models\sponza\sponza_debris.obj" />
    <None Include="..\..\..\framework\assets\models\sponza\sponza_fabric.obj" />
    <None Include="@(NativeLibs)" />
    <None Include="@(NativeLibs)" />
    <None Include="@(NativeLibs)" />
    <None Include="@(NativeLibs)" />
    <None Include="@(NativeLibs)" />
    <None Include="@(NativeLibs)" />
    <None Include="..\..\..\examples\hello_vrs\shaders\blinnphong_nm.frag">
      <Filter>shaders</Filter>
    </None>
    <None Include="..\..\..\examples\hello_vrs\shaders\blinnphong_nm.vert">
      <Filter>shaders</Filter>
    </None>
    <None Include="@(NativeLibs)" />
    <None Include="@(NativeLibs)" />
    <None Include="..\..\..\examples\hello_vrs\shaders\vrs_debug.frag">
      <Filter>shaders</Filter>
    </None>
    <None Include="..\..\..\examples\hello_vrs\shaders\vrs_debug.vert">
      <Filter>shaders</Filter>
    </None>
    <None Include="@(NativeLibs)" />
    <None Include="Tobii\SDK-License_zh.pdf">
      <Filter>Tobii</Filter>
    </None>
    <None Include="Tobii\SDK-License_en.pdf">
      <Filter>Tobii</Filter>
    </None>
    <None Include="Tobii\API-Reference.pdf">
      <Filter>Tobii</Filter>
    </None>
    <None Include="packages.config" />
    <None Include="@(NativeLibs)" />
    <None Include="@(NativeLibs)" />
    <None Include="..\..\..\examples\hello_vrs\shaders\vrs_cas_img.comp">
      <Filter>shaders</Filter>
    </None>
    <None Include="@(NativeLibs)" />
    <None Include="..\..\..\examples\hello_vrs\shaders\passthrough.frag">
      <Filter>shaders</Filter>
    </None>
    <None Include="..\..\..\examples\hello_vrs\shaders\passthrough.vert">
      <Filter>shaders</Filter>
    </None>
    <None Include="@(NativeLibs)" />
    <None Include="..\..\..\examples\hello_vrs\shaders\taa.frag">
      <Filter>shaders</Filter>
    </None>
    <None Include="..\..\..\examples\hello_vrs\shaders\taa.vert">
      <Filter>shaders</Filter>
    </None>
    <None Include="@(NativeLibs)" />
    <None Include="..\..\..\examples\hello_vrs\shaders\vrs_mas_img.comp">
      <Filter>shaders</Filter>
    </None>
    <None Include="@(NativeLibs)" />
    <None Include="@(NativeLibs)" />
    <None Include="..\..\..\examples\hello_vrs\shaders\deferred\blinnphong_nm_geo.vert">
      <Filter>shaders\deferred</Filter>
    </None>
    <None Include="@(NativeLibs)" />
    <None Include="..\..\..\examples\hello_vrs\shaders\deferred\lighting_pass.frag">
      <Filter>shaders\deferred</Filter>
    </None>
    <None Include="..\..\..\examples\hello_vrs\shaders\deferred\lighting_pass.vert">
      <Filter>shaders\deferred</Filter>
    </None>
    <None Include="..\..\..\examples\hello_vrs\shaders\deferred\blinnphong_nm_geo.frag">
      <Filter>shaders\deferred</Filter>
    </None>
    <None Include="@(NativeLibs)" />
    <None Include="..\..\..\examples\hello_vrs\shaders\vrs_cas_edge_img.comp">
      <Filter>shaders</Filter>
    </None>
    <None Include="@(NativeLibs)" />
    <None Include="..\..\..\framework\assets\models\parallelepiped.obj" />
    <None Include="@(NativeLibs)" />
    <None Include="..\..\..\examples\hello_vrs\shaders\taa_mean_variance.frag">
      <Filter>shaders</Filter>
    </None>
    <None Include="..\..\..\examples\hello_vrs\shaders\taa_mean_variance.vert">
      <Filter>shaders</Filter>
    </None>
    <None Include="@(NativeLibs)" />
    <None Include="@(NativeLibs)" />
    <None Include="..\..\..\examples\hello_vrs\assets\models\island\island_final.dae">
      <Filter>assets\models\island</Filter>
    </None>
  </ItemGroup>
  <ItemGroup>
    <ClCompile Include="..\..\..\examples\hello_vrs\source\hello_vrs.cpp" />
    <ClCompile Include="..\..\..\examples\hello_vrs\source\vrs_image_compute_drawer.cpp" />
    <ClCompile Include="..\..\..\examples\hello_vrs\source\eyetracking_interface.cpp" />
    <ClCompile Include="..\..\..\examples\hello_vrs\source\vrs_cas_compute_drawer.cpp" />
    <ClCompile Include="..\..\..\examples\hello_vrs\source\vrs_mas_compute_drawer.cpp" />
    <ClCompile Include="..\..\..\examples\hello_vrs\source\deferred_renderer.cpp" />
    <ClCompile Include="..\..\..\examples\hello_vrs\source\vrs_cas_edge_compute_drawer.cpp" />
    <ClCompile Include="..\..\..\examples\hello_vrs\source\vrs_eye_tracked_blit.cpp" />
  </ItemGroup>
  <ItemGroup>
    <ClInclude Include="..\..\..\examples\hello_vrs\source\vrs_image_compute_drawer.h" />
    <ClInclude Include="..\..\..\examples\hello_vrs\source\eyetracking_interface.h" />
    <ClInclude Include="..\..\..\examples\hello_vrs\source\vrs_cas_compute_drawer.h" />
    <ClInclude Include="..\..\..\examples\hello_vrs\source\vrs_mas_compute_drawer.h" />
    <ClInclude Include="..\..\..\examples\hello_vrs\source\deferred_renderer.h" />
    <ClInclude Include="..\..\..\examples\hello_vrs\source\common_structs.h" />
    <ClInclude Include="..\..\..\examples\hello_vrs\source\vrs_cas_edge_compute_drawer.h" />
    <ClInclude Include="..\..\..\examples\hello_vrs\source\vrs_eye_tracked_blit.h" />
  </ItemGroup>
  <ItemGroup>
    <Image Include="..\..\..\framework\assets\chalet\chalet.jpg">
      <Filter>assets\chalet</Filter>
    </Image>
  </ItemGroup>
</Project>