<?xml version="1.0" encoding="utf-8"?>
<Project ToolsVersion="4.0" xmlns="http://schemas.microsoft.com/developer/msbuild/2003">
  <ItemGroup>
    <Filter Include="shaders">
      <UniqueIdentifier>{be49ce2a-a44b-4fed-b3c7-933944d59bbe}</UniqueIdentifier>
    </Filter>
    <Filter Include="Tobii">
      <UniqueIdentifier>{6ef1a03e-9819-4edc-85d0-40d033a6b736}</UniqueIdentifier>
    </Filter>
    <Filter Include="assets">
      <UniqueIdentifier>{bb9c2164-6c10-461f-a9f8-c113d160de93}</UniqueIdentifier>
    </Filter>
    <Filter Include="assets\models">
      <UniqueIdentifier>{c36ffc2d-670c-41cf-8a8f-16ab970b641c}</UniqueIdentifier>
    </Filter>
    <Filter Include="assets\models\sponza">
      <UniqueIdentifier>{92f3608d-a2c5-4f97-801c-e359291f78d9}</UniqueIdentifier>
    </Filter>
    <Filter Include="assets\models\sponza\textures">
      <UniqueIdentifier>{e4eb54e3-93cb-42eb-b2a4-92245d974eaf}</UniqueIdentifier>
    </Filter>
  </ItemGroup>
  <ItemGroup>
    <None Include="..\..\..\examples\hello_vrs\shaders\triangle.frag">
      <Filter>shaders</Filter>
    </None>
    <None Include="..\..\..\examples\hello_vrs\shaders\triangle.vert">
      <Filter>shaders</Filter>
    </None>
    <None Include="..\..\..\examples\hello_vrs\shaders\vrs_img.comp">
      <Filter>shaders</Filter>
    </None>
    <None Include="Tobii\SDK-License_zh.pdf">
      <Filter>Tobii</Filter>
    </None>
    <None Include="Tobii\SDK-License_en.pdf">
      <Filter>Tobii</Filter>
    </None>
    <None Include="Tobii\API-Reference.pdf">
      <Filter>Tobii</Filter>
    </None>
    <None Include="packages.config" />
    <None Include="@(NativeLibs)" />
    <None Include="@(NativeLibs)" />
    <None Include="@(NativeLibs)" />
    <None Include="@(NativeLibs)" />
    <None Include="..\..\..\framework\assets\models\sponza\sponza.mtl">
      <Filter>assets\models\sponza</Filter>
    </None>
    <None Include="..\..\..\framework\assets\models\sponza\sponza_plants.obj">
      <Filter>assets\models\sponza</Filter>
    </None>
    <None Include="..\..\..\framework\assets\models\sponza\sponza_structure.obj">
      <Filter>assets\models\sponza</Filter>
    </None>
    <None Include="..\..\..\framework\assets\models\sponza\sponza_debris.obj" />
    <None Include="..\..\..\framework\assets\models\sponza\sponza_fabric.obj" />
    <None Include="@(NativeLibs)" />
  </ItemGroup>
  <ItemGroup>
    <ClCompile Include="..\..\..\examples\hello_vrs\source\hello_vrs.cpp" />
    <ClCompile Include="..\..\..\examples\hello_vrs\source\vrs_image_compute_drawer.cpp" />
    <ClCompile Include="..\..\..\examples\hello_vrs\source\eyetracking_interface.cpp" />
  </ItemGroup>
  <ItemGroup>
    <ClInclude Include="..\..\..\examples\hello_vrs\source\vrs_image_compute_drawer.h" />
    <ClInclude Include="..\..\..\examples\hello_vrs\source\eyetracking_interface.h" />
  </ItemGroup>
  <ItemGroup>
    <Image Include="..\..\..\framework\assets\chalet\chalet.jpg">
      <Filter>assets</Filter>
    </Image>
    <Image Include="..\..\..\framework\assets\models\sponza\textures\background_bump.png">
      <Filter>assets\models\sponza\textures</Filter>
    </Image>
    <Image Include="..\..\..\framework\assets\models\sponza\textures\background_norm.png">
      <Filter>assets\models\sponza\textures</Filter>
    </Image>
    <Image Include="..\..\..\framework\assets\models\sponza\textures\chain_texture.png">
      <Filter>assets\models\sponza\textures</Filter>
    </Image>
    <Image Include="..\..\..\framework\assets\models\sponza\textures\chain_texture_bump.png">
      <Filter>assets\models\sponza\textures</Filter>
    </Image>
    <Image Include="..\..\..\framework\assets\models\sponza\textures\chain_texture_mask.png">
      <Filter>assets\models\sponza\textures</Filter>
    </Image>
    <Image Include="..\..\..\framework\assets\models\sponza\textures\floor_gloss.png">
      <Filter>assets\models\sponza\textures</Filter>
    </Image>
    <Image Include="..\..\..\framework\assets\models\sponza\textures\lion.png">
      <Filter>assets\models\sponza\textures</Filter>
    </Image>
    <Image Include="..\..\..\framework\assets\models\sponza\textures\lion_bump.png">
      <Filter>assets\models\sponza\textures</Filter>
    </Image>
    <Image Include="..\..\..\framework\assets\models\sponza\textures\lion_norm.png">
      <Filter>assets\models\sponza\textures</Filter>
    </Image>
    <Image Include="..\..\..\framework\assets\models\sponza\textures\lion2_bump.png">
      <Filter>assets\models\sponza\textures</Filter>
    </Image>
    <Image Include="..\..\..\framework\assets\models\sponza\textures\spnza_bricks_a_bump.png">
      <Filter>assets\models\sponza\textures</Filter>
    </Image>
    <Image Include="..\..\..\framework\assets\models\sponza\textures\spnza_bricks_a_diff.png">
      <Filter>assets\models\sponza\textures</Filter>
    </Image>
    <Image Include="..\..\..\framework\assets\models\sponza\textures\spnza_bricks_a_norm.png">
      <Filter>assets\models\sponza\textures</Filter>
    </Image>
    <Image Include="..\..\..\framework\assets\models\sponza\textures\spnza_bricks_a_spec.png">
      <Filter>assets\models\sponza\textures</Filter>
    </Image>
    <Image Include="..\..\..\framework\assets\models\sponza\textures\sponza_arch_bump.png">
      <Filter>assets\models\sponza\textures</Filter>
    </Image>
    <Image Include="..\..\..\framework\assets\models\sponza\textures\sponza_arch_diff.png">
      <Filter>assets\models\sponza\textures</Filter>
    </Image>
    <Image Include="..\..\..\framework\assets\models\sponza\textures\sponza_arch_spec.png">
      <Filter>assets\models\sponza\textures</Filter>
    </Image>
    <Image Include="..\..\..\framework\assets\models\sponza\textures\sponza_ceiling_a_diff.png">
      <Filter>assets\models\sponza\textures</Filter>
    </Image>
    <Image Include="..\..\..\framework\assets\models\sponza\textures\sponza_ceiling_a_spec.png">
      <Filter>assets\models\sponza\textures</Filter>
    </Image>
    <Image Include="..\..\..\framework\assets\models\sponza\textures\sponza_column_a_bump.png">
      <Filter>assets\models\sponza\textures</Filter>
    </Image>
    <Image Include="..\..\..\framework\assets\models\sponza\textures\sponza_column_a_diff.png">
      <Filter>assets\models\sponza\textures</Filter>
    </Image>
    <Image Include="..\..\..\framework\assets\models\sponza\textures\sponza_column_a_norm.png">
      <Filter>assets\models\sponza\textures</Filter>
    </Image>
    <Image Include="..\..\..\framework\assets\models\sponza\textures\sponza_column_a_spec.png">
      <Filter>assets\models\sponza\textures</Filter>
    </Image>
    <Image Include="..\..\..\framework\assets\models\sponza\textures\sponza_column_b_bump.png">
      <Filter>assets\models\sponza\textures</Filter>
    </Image>
    <Image Include="..\..\..\framework\assets\models\sponza\textures\sponza_column_b_diff.png">
      <Filter>assets\models\sponza\textures</Filter>
    </Image>
    <Image Include="..\..\..\framework\assets\models\sponza\textures\sponza_column_b_norm.png">
      <Filter>assets\models\sponza\textures</Filter>
    </Image>
    <Image Include="..\..\..\framework\assets\models\sponza\textures\sponza_column_b_spec.png">
      <Filter>assets\models\sponza\textures</Filter>
    </Image>
    <Image Include="..\..\..\framework\assets\models\sponza\textures\sponza_column_c_bump.png">
      <Filter>assets\models\sponza\textures</Filter>
    </Image>
    <Image Include="..\..\..\framework\assets\models\sponza\textures\sponza_column_c_diff.png">
      <Filter>assets\models\sponza\textures</Filter>
    </Image>
    <Image Include="..\..\..\framework\assets\models\sponza\textures\sponza_column_c_norm.png">
      <Filter>assets\models\sponza\textures</Filter>
    </Image>
    <Image Include="..\..\..\framework\assets\models\sponza\textures\sponza_column_c_spec.png">
      <Filter>assets\models\sponza\textures</Filter>
    </Image>
    <Image Include="..\..\..\framework\assets\models\sponza\textures\sponza_curtain_blue_diff.png">
      <Filter>assets\models\sponza\textures</Filter>
    </Image>
    <Image Include="..\..\..\framework\assets\models\sponza\textures\sponza_curtain_diff.png">
      <Filter>assets\models\sponza\textures</Filter>
    </Image>
    <Image Include="..\..\..\framework\assets\models\sponza\textures\sponza_curtain_green_diff.png">
      <Filter>assets\models\sponza\textures</Filter>
    </Image>
    <Image Include="..\..\..\framework\assets\models\sponza\textures\sponza_details_diff.png">
      <Filter>assets\models\sponza\textures</Filter>
    </Image>
    <Image Include="..\..\..\framework\assets\models\sponza\textures\sponza_details_spec.png">
      <Filter>assets\models\sponza\textures</Filter>
    </Image>
    <Image Include="..\..\..\framework\assets\models\sponza\textures\sponza_fabric_blue_diff.png">
      <Filter>assets\models\sponza\textures</Filter>
    </Image>
    <Image Include="..\..\..\framework\assets\models\sponza\textures\sponza_fabric_diff.png">
      <Filter>assets\models\sponza\textures</Filter>
    </Image>
    <Image Include="..\..\..\framework\assets\models\sponza\textures\sponza_fabric_green_diff.png">
      <Filter>assets\models\sponza\textures</Filter>
    </Image>
    <Image Include="..\..\..\framework\assets\models\sponza\textures\sponza_fabric_purple.png">
      <Filter>assets\models\sponza\textures</Filter>
    </Image>
    <Image Include="..\..\..\framework\assets\models\sponza\textures\sponza_fabric_spec.png">
      <Filter>assets\models\sponza\textures</Filter>
    </Image>
    <Image Include="..\..\..\framework\assets\models\sponza\textures\sponza_flagpole_diff.png">
      <Filter>assets\models\sponza\textures</Filter>
    </Image>
    <Image Include="..\..\..\framework\assets\models\sponza\textures\sponza_flagpole_spec.png">
      <Filter>assets\models\sponza\textures</Filter>
    </Image>
    <Image Include="..\..\..\framework\assets\models\sponza\textures\sponza_floor_a_diff.png">
      <Filter>assets\models\sponza\textures</Filter>
    </Image>
    <Image Include="..\..\..\framework\assets\models\sponza\textures\sponza_floor_a_norm.png">
      <Filter>assets\models\sponza\textures</Filter>
    </Image>
    <Image Include="..\..\..\framework\assets\models\sponza\textures\sponza_floor_a_spec.png">
      <Filter>assets\models\sponza\textures</Filter>
    </Image>
    <Image Include="..\..\..\framework\assets\models\sponza\textures\sponza_roof_diff.png">
      <Filter>assets\models\sponza\textures</Filter>
    </Image>
    <Image Include="..\..\..\framework\assets\models\sponza\textures\sponza_thorn_bump.png">
      <Filter>assets\models\sponza\textures</Filter>
    </Image>
    <Image Include="..\..\..\framework\assets\models\sponza\textures\sponza_thorn_diff.png">
      <Filter>assets\models\sponza\textures</Filter>
    </Image>
    <Image Include="..\..\..\framework\assets\models\sponza\textures\sponza_thorn_mask.png">
      <Filter>assets\models\sponza\textures</Filter>
    </Image>
    <Image Include="..\..\..\framework\assets\models\sponza\textures\sponza_thorn_spec.png">
      <Filter>assets\models\sponza\textures</Filter>
    </Image>
    <Image Include="..\..\..\framework\assets\models\sponza\textures\vase_bump.png">
      <Filter>assets\models\sponza\textures</Filter>
    </Image>
    <Image Include="..\..\..\framework\assets\models\sponza\textures\vase_dif.png">
      <Filter>assets\models\sponza\textures</Filter>
    </Image>
    <Image Include="..\..\..\framework\assets\models\sponza\textures\vase_hanging.png">
      <Filter>assets\models\sponza\textures</Filter>
    </Image>
    <Image Include="..\..\..\framework\assets\models\sponza\textures\vase_norm.png">
      <Filter>assets\models\sponza\textures</Filter>
    </Image>
    <Image Include="..\..\..\framework\assets\models\sponza\textures\vase_plant.png">
      <Filter>assets\models\sponza\textures</Filter>
    </Image>
    <Image Include="..\..\..\framework\assets\models\sponza\textures\vase_plant_mask.png">
      <Filter>assets\models\sponza\textures</Filter>
    </Image>
    <Image Include="..\..\..\framework\assets\models\sponza\textures\vase_plant_spec.png">
      <Filter>assets\models\sponza\textures</Filter>
    </Image>
    <Image Include="..\..\..\framework\assets\models\sponza\textures\vase_round.png">
      <Filter>assets\models\sponza\textures</Filter>
    </Image>
    <Image Include="..\..\..\framework\assets\models\sponza\textures\vase_round_bump.png">
      <Filter>assets\models\sponza\textures</Filter>
    </Image>
    <Image Include="..\..\..\framework\assets\models\sponza\textures\vase_round_norm.png">
      <Filter>assets\models\sponza\textures</Filter>
    </Image>
    <Image Include="..\..\..\framework\assets\models\sponza\textures\vase_round_spec.png">
      <Filter>assets\models\sponza\textures</Filter>
    </Image>
    <Image Include="..\..\..\framework\assets\models\sponza\textures\background.png">
      <Filter>assets\models\sponza\textures</Filter>
    </Image>
  </ItemGroup>
  <ItemGroup>
    <Text Include="..\..\..\framework\assets\models\sponza\license.txt">
      <Filter>assets\models\sponza</Filter>
    </Text>
  </ItemGroup>
</Project>