<?xml version="1.0" encoding="utf-8"?>
<Project ToolsVersion="4.0" xmlns="http://schemas.microsoft.com/developer/msbuild/2003">
  <ItemGroup>
    <ClCompile Include="..\..\..\..\examples\hello_world\source\hello_world.cpp" />
    <ClCompile Include="..\..\..\..\examples\hello_world\source\temp.cpp" />
  </ItemGroup>
  <ItemGroup>
    <ClInclude Include="..\..\..\..\examples\hello_world\source\temp.h" />
  </ItemGroup>
</Project>